PODS:
  - FBSnapshotTestCase (2.1.4):
    - FBSnapshotTestCase/SwiftSupport (= 2.1.4)
  - FBSnapshotTestCase/Core (2.1.4)
  - FBSnapshotTestCase/SwiftSupport (2.1.4):
    - FBSnapshotTestCase/Core
  - header (0.1.0)
  - hl (0.1.2):
    - hl/DWQLogisticsInformation (= 0.1.2)
  - hl/DWQLogisticsInformation (0.1.2):
    - Masonry
  - Masonry (1.1.0)
  - privateLibrary (0.2.5):
    - privateLibrary/CountDown (= 0.2.5)
    - privateLibrary/GJNoCrash (= 0.2.5)
    - privateLibrary/IQKeyboardManager (= 0.2.5)
    - privateLibrary/LYEmptyView (= 0.2.5)
  - privateLibrary/CountDown (0.2.5)
  - privateLibrary/GJNoCrash (0.2.5)
  - privateLibrary/IQKeyboardManager (0.2.5):
    - privateLibrary/IQKeyboardManager/Constants (= 0.2.5)
  - privateLibrary/IQKeyboardManager/Constants (0.2.5)
  - privateLibrary/LYEmptyView (0.2.5):
    - header
    - hl

DEPENDENCIES:
  - FBSnapshotTestCase
  - privateLibrary (from `../`)

SPEC REPOS:
  https://github.com/CocoaPods/Specs.git:
    - Masonry
  https://github.com/hj04210037/HJ_Seed_Spec.git:
    - header
    - hl
  trunk:
    - FBSnapshotTestCase

EXTERNAL SOURCES:
  privateLibrary:
    :path: "../"

SPEC CHECKSUMS:
  FBSnapshotTestCase: 094f9f314decbabe373b87cc339bea235a63e07a
  header: 52c56edf4e1ab4605a951df6af94cc2747fa9a51
  hl: c389ca985f17f5813c2ac5b59d0292ffe60ce9d4
  Masonry: 678fab65091a9290e40e2832a55e7ab731aad201
  privateLibrary: e05943458a4b884cdb99476dc027f172023052da

PODFILE CHECKSUM: fc46a513b7a4fc4634968a2972a37c8d7e633962

COCOAPODS: 1.10.0
