PODS:
  - FBSnapshotTestCase (2.1.4):
    - FBSnapshotTestCase/SwiftSupport (= 2.1.4)
  - FBSnapshotTestCase/Core (2.1.4)
  - FBSnapshotTestCase/SwiftSupport (2.1.4):
    - FBSnapshotTestCase/Core
  - privateLibrary (0.1.2):
    - privateLibrary/GQHDatePicker (= 0.1.2)
  - privateLibrary/GQHDatePicker (0.1.2)

DEPENDENCIES:
  - FBSnapshotTestCase
  - privateLibrary (from `../`)

SPEC REPOS:
  trunk:
    - FBSnapshotTestCase

EXTERNAL SOURCES:
  privateLibrary:
    :path: "../"

SPEC CHECKSUMS:
  FBSnapshotTestCase: 094f9f314decbabe373b87cc339bea235a63e07a
  privateLibrary: c0c6fd4e93c1369663a7664eb4b8f57bc2ee6037

PODFILE CHECKSUM: 4e495300deb8b367fb3556b8055cb3d76d3eaea1

COCOAPODS: 1.10.0
