// !$*UTF8*$!
{
	archiveVersion = 1;
	classes = {
	};
	objectVersion = 46;
	objects = {

/* Begin PBXBuildFile section */
		06FE000925AC3CF700622B7A /* IQKeyboardManager.m in Sources */ = {isa = PBXBuildFile; fileRef = 06FE000725AC3CF700622B7A /* IQKeyboardManager.m */; };
		06FE000A25AC3CF700622B7A /* IQKeyboardReturnKeyHandler.m in Sources */ = {isa = PBXBuildFile; fileRef = 06FE000825AC3CF700622B7A /* IQKeyboardReturnKeyHandler.m */; };
		06FE005125AC419300622B7A /* TTGTagCollectionView.m in Sources */ = {isa = PBXBuildFile; fileRef = 06FE004F25AC419300622B7A /* TTGTagCollectionView.m */; };
		06FE005225AC419300622B7A /* TTGTextTagCollectionView.m in Sources */ = {isa = PBXBuildFile; fileRef = 06FE005025AC419300622B7A /* TTGTextTagCollectionView.m */; };
		06FE006C25AC438700622B7A /* DashLine.m in Sources */ = {isa = PBXBuildFile; fileRef = 06FE006A25AC438700622B7A /* DashLine.m */; };
		06FE009325AC44BD00622B7A /* SXHeadLine.m in Sources */ = {isa = PBXBuildFile; fileRef = 06FE009125AC44BD00622B7A /* SXHeadLine.m */; };
		06FE00EE25AC489000622B7A /* WMZDropDownMenu+DealDelegate.m in Sources */ = {isa = PBXBuildFile; fileRef = 06FE00D425AC488F00622B7A /* WMZDropDownMenu+DealDelegate.m */; };
		06FE00EF25AC489000622B7A /* WMZDropTableView.m in Sources */ = {isa = PBXBuildFile; fileRef = 06FE00D625AC488F00622B7A /* WMZDropTableView.m */; };
		06FE00F025AC489000622B7A /* WMZDropIndexPath.m in Sources */ = {isa = PBXBuildFile; fileRef = 06FE00DA25AC488F00622B7A /* WMZDropIndexPath.m */; };
		06FE00F125AC489000622B7A /* WMZDropMenuBtn.m in Sources */ = {isa = PBXBuildFile; fileRef = 06FE00DD25AC488F00622B7A /* WMZDropMenuBtn.m */; };
		06FE00F225AC489000622B7A /* WMZDropDownMenu+NormalView.m in Sources */ = {isa = PBXBuildFile; fileRef = 06FE00DE25AC488F00622B7A /* WMZDropDownMenu+NormalView.m */; };
		06FE00F325AC489000622B7A /* WMZDropDownMenu+MoreView.m in Sources */ = {isa = PBXBuildFile; fileRef = 06FE00DF25AC488F00622B7A /* WMZDropDownMenu+MoreView.m */; };
		06FE00F425AC489000622B7A /* WMZDropMenu.bundle in Resources */ = {isa = PBXBuildFile; fileRef = 06FE00E025AC488F00622B7A /* WMZDropMenu.bundle */; };
		06FE00F525AC489000622B7A /* WMZDropMenuTool.m in Sources */ = {isa = PBXBuildFile; fileRef = 06FE00E225AC488F00622B7A /* WMZDropMenuTool.m */; };
		06FE00F625AC489000622B7A /* WMZDropCollectionView.m in Sources */ = {isa = PBXBuildFile; fileRef = 06FE00E325AC488F00622B7A /* WMZDropCollectionView.m */; };
		06FE00F725AC489000622B7A /* WMZDropMenuParam.m in Sources */ = {isa = PBXBuildFile; fileRef = 06FE00E525AC488F00622B7A /* WMZDropMenuParam.m */; };
		06FE00F825AC489000622B7A /* Aspects.m in Sources */ = {isa = PBXBuildFile; fileRef = 06FE00E625AC488F00622B7A /* Aspects.m */; };
		06FE00F925AC489000622B7A /* WMZDropDownMenu+DealLogic.m in Sources */ = {isa = PBXBuildFile; fileRef = 06FE00E825AC488F00622B7A /* WMZDropDownMenu+DealLogic.m */; };
		06FE00FA25AC489000622B7A /* WMZDropDownMenu.m in Sources */ = {isa = PBXBuildFile; fileRef = 06FE00E925AC488F00622B7A /* WMZDropDownMenu.m */; };
		06FE00FB25AC489000622B7A /* WMZDropMenuBase.m in Sources */ = {isa = PBXBuildFile; fileRef = 06FE00EC25AC488F00622B7A /* WMZDropMenuBase.m */; };
		06FE00FC25AC489000622B7A /* WMZDropDownMenu+FootHeaderView.m in Sources */ = {isa = PBXBuildFile; fileRef = 06FE00ED25AC488F00622B7A /* WMZDropDownMenu+FootHeaderView.m */; };
		06FE012A25AC496000622B7A /* UIViewController+Nav.m in Sources */ = {isa = PBXBuildFile; fileRef = 06FE010C25AC495F00622B7A /* UIViewController+Nav.m */; };
		06FE012B25AC496000622B7A /* FLAnimatedImage.m in Sources */ = {isa = PBXBuildFile; fileRef = 06FE010F25AC495F00622B7A /* FLAnimatedImage.m */; };
		06FE012C25AC496000622B7A /* FLAnimatedImageView.m in Sources */ = {isa = PBXBuildFile; fileRef = 06FE011025AC495F00622B7A /* FLAnimatedImageView.m */; };
		06FE012D25AC496000622B7A /* XHLaunchAdView.m in Sources */ = {isa = PBXBuildFile; fileRef = 06FE011725AC495F00622B7A /* XHLaunchAdView.m */; };
		06FE012E25AC496000622B7A /* XHLaunchAdButton.m in Sources */ = {isa = PBXBuildFile; fileRef = 06FE011A25AC495F00622B7A /* XHLaunchAdButton.m */; };
		06FE012F25AC496000622B7A /* XHLaunchImageView.m in Sources */ = {isa = PBXBuildFile; fileRef = 06FE011C25AC495F00622B7A /* XHLaunchImageView.m */; };
		06FE013025AC496000622B7A /* XHLaunchAdConst.m in Sources */ = {isa = PBXBuildFile; fileRef = 06FE011D25AC495F00622B7A /* XHLaunchAdConst.m */; };
		06FE013125AC496000622B7A /* XHLaunchAd.m in Sources */ = {isa = PBXBuildFile; fileRef = 06FE011F25AC495F00622B7A /* XHLaunchAd.m */; };
		06FE013225AC496000622B7A /* XHLaunchAdController.m in Sources */ = {isa = PBXBuildFile; fileRef = 06FE012025AC495F00622B7A /* XHLaunchAdController.m */; };
		06FE013325AC496000622B7A /* XHLaunchAdDownloader.m in Sources */ = {isa = PBXBuildFile; fileRef = 06FE012125AC495F00622B7A /* XHLaunchAdDownloader.m */; };
		06FE013425AC496000622B7A /* XHLaunchAdImageView+XHLaunchAdCache.m in Sources */ = {isa = PBXBuildFile; fileRef = 06FE012325AC495F00622B7A /* XHLaunchAdImageView+XHLaunchAdCache.m */; };
		06FE013525AC496000622B7A /* XHLaunchAdConfiguration.m in Sources */ = {isa = PBXBuildFile; fileRef = 06FE012425AC495F00622B7A /* XHLaunchAdConfiguration.m */; };
		06FE013625AC496000622B7A /* XHLaunchAdCache.m in Sources */ = {isa = PBXBuildFile; fileRef = 06FE012625AC495F00622B7A /* XHLaunchAdCache.m */; };
		06FE013725AC496000622B7A /* XHLaunchAdImageManager.m in Sources */ = {isa = PBXBuildFile; fileRef = 06FE012825AC495F00622B7A /* XHLaunchAdImageManager.m */; };
		06FE01C725AC557400622B7A /* TZImageCropManager.m in Sources */ = {isa = PBXBuildFile; fileRef = 06FE01AA25AC557300622B7A /* TZImageCropManager.m */; };
		06FE01C825AC557400622B7A /* TZAssetCell.m in Sources */ = {isa = PBXBuildFile; fileRef = 06FE01AC25AC557300622B7A /* TZAssetCell.m */; };
		06FE01C925AC557400622B7A /* TZVideoPlayerController.m in Sources */ = {isa = PBXBuildFile; fileRef = 06FE01AD25AC557300622B7A /* TZVideoPlayerController.m */; };
		06FE01CA25AC557400622B7A /* TZAssetModel.m in Sources */ = {isa = PBXBuildFile; fileRef = 06FE01AE25AC557300622B7A /* TZAssetModel.m */; };
		06FE01CB25AC557400622B7A /* NSBundle+TZImagePicker.m in Sources */ = {isa = PBXBuildFile; fileRef = 06FE01AF25AC557300622B7A /* NSBundle+TZImagePicker.m */; };
		06FE01CC25AC557400622B7A /* UIView+Layout.m in Sources */ = {isa = PBXBuildFile; fileRef = 06FE01B225AC557300622B7A /* UIView+Layout.m */; };
		06FE01CD25AC557400622B7A /* TZPhotoPreviewController.m in Sources */ = {isa = PBXBuildFile; fileRef = 06FE01B325AC557300622B7A /* TZPhotoPreviewController.m */; };
		06FE01CE25AC557400622B7A /* TZImagePickerController.bundle in Resources */ = {isa = PBXBuildFile; fileRef = 06FE01B425AC557300622B7A /* TZImagePickerController.bundle */; };
		06FE01CF25AC557400622B7A /* TZProgressView.m in Sources */ = {isa = PBXBuildFile; fileRef = 06FE01B525AC557300622B7A /* TZProgressView.m */; };
		06FE01D025AC557400622B7A /* TZImageManager.m in Sources */ = {isa = PBXBuildFile; fileRef = 06FE01B925AC557300622B7A /* TZImageManager.m */; };
		06FE01D125AC557400622B7A /* TZPhotoPickerController.m in Sources */ = {isa = PBXBuildFile; fileRef = 06FE01BB25AC557300622B7A /* TZPhotoPickerController.m */; };
		06FE01D225AC557400622B7A /* TZPhotoPreviewCell.m in Sources */ = {isa = PBXBuildFile; fileRef = 06FE01BC25AC557300622B7A /* TZPhotoPreviewCell.m */; };
		06FE01D325AC557400622B7A /* TZImagePickerController.m in Sources */ = {isa = PBXBuildFile; fileRef = 06FE01C225AC557300622B7A /* TZImagePickerController.m */; };
		06FE01D425AC557400622B7A /* TZLocationManager.m in Sources */ = {isa = PBXBuildFile; fileRef = 06FE01C325AC557300622B7A /* TZLocationManager.m */; };
		06FE01D525AC557400622B7A /* TZGifPhotoPreviewController.m in Sources */ = {isa = PBXBuildFile; fileRef = 06FE01C425AC557300622B7A /* TZGifPhotoPreviewController.m */; };
		06FE01D625AC557400622B7A /* TZImageRequestOperation.m in Sources */ = {isa = PBXBuildFile; fileRef = 06FE01C525AC557300622B7A /* TZImageRequestOperation.m */; };
		06FEF90525A8353200622B7A /* stepperview_minus.png in Resources */ = {isa = PBXBuildFile; fileRef = 06FEF90325A8353200622B7A /* stepperview_minus.png */; };
		06FEF90625A8353200622B7A /* stepperview_plus.png in Resources */ = {isa = PBXBuildFile; fileRef = 06FEF90425A8353200622B7A /* stepperview_plus.png */; };
		06FEFAC725ABDEF700622B7A /* NSMutableDictionary+GJCrash.m in Sources */ = {isa = PBXBuildFile; fileRef = 06FEFAAF25ABDEF700622B7A /* NSMutableDictionary+GJCrash.m */; };
		06FEFAC825ABDEF700622B7A /* NSString+GJCrash.m in Sources */ = {isa = PBXBuildFile; fileRef = 06FEFAB025ABDEF700622B7A /* NSString+GJCrash.m */; };
		06FEFAC925ABDEF700622B7A /* NSObject+KVOCrash.m in Sources */ = {isa = PBXBuildFile; fileRef = 06FEFAB425ABDEF700622B7A /* NSObject+KVOCrash.m */; };
		06FEFACA25ABDEF700622B7A /* NSArray+GJCrash.m in Sources */ = {isa = PBXBuildFile; fileRef = 06FEFAB525ABDEF700622B7A /* NSArray+GJCrash.m */; };
		06FEFACB25ABDEF700622B7A /* NSAttributedString+GJCrash.m in Sources */ = {isa = PBXBuildFile; fileRef = 06FEFAB625ABDEF700622B7A /* NSAttributedString+GJCrash.m */; };
		06FEFACC25ABDEF700622B7A /* NSObject+GJSwizzle.m in Sources */ = {isa = PBXBuildFile; fileRef = 06FEFAB825ABDEF700622B7A /* NSObject+GJSwizzle.m */; };
		06FEFACD25ABDEF700622B7A /* NSMutableAttributedString+GJCrash.m in Sources */ = {isa = PBXBuildFile; fileRef = 06FEFABB25ABDEF700622B7A /* NSMutableAttributedString+GJCrash.m */; };
		06FEFACE25ABDEF700622B7A /* GJCrashLog.m in Sources */ = {isa = PBXBuildFile; fileRef = 06FEFABF25ABDEF700622B7A /* GJCrashLog.m */; };
		06FEFACF25ABDEF700622B7A /* NSObject+NSNotificationCrash.m in Sources */ = {isa = PBXBuildFile; fileRef = 06FEFAC025ABDEF700622B7A /* NSObject+NSNotificationCrash.m */; };
		06FEFAD025ABDEF700622B7A /* NSMutableString+GJCrash.m in Sources */ = {isa = PBXBuildFile; fileRef = 06FEFAC225ABDEF700622B7A /* NSMutableString+GJCrash.m */; };
		06FEFAD125ABDEF700622B7A /* NSDictionary+GJCrash.m in Sources */ = {isa = PBXBuildFile; fileRef = 06FEFAC525ABDEF700622B7A /* NSDictionary+GJCrash.m */; };
		06FEFAD225ABDEF700622B7A /* NSMutableArray+GJCrash.m in Sources */ = {isa = PBXBuildFile; fileRef = 06FEFAC625ABDEF700622B7A /* NSMutableArray+GJCrash.m */; };
		06FEFC8D25ABFAF500622B7A /* LYEmptyBaseView.m in Sources */ = {isa = PBXBuildFile; fileRef = 06FEFC8325ABFAF500622B7A /* LYEmptyBaseView.m */; };
		06FEFC8E25ABFAF500622B7A /* UIView+Empty.m in Sources */ = {isa = PBXBuildFile; fileRef = 06FEFC8525ABFAF500622B7A /* UIView+Empty.m */; };
		06FEFC8F25ABFAF500622B7A /* UIView+LYExtension.m in Sources */ = {isa = PBXBuildFile; fileRef = 06FEFC8625ABFAF500622B7A /* UIView+LYExtension.m */; };
		06FEFC9025ABFAF500622B7A /* DemoEmptyView.m in Sources */ = {isa = PBXBuildFile; fileRef = 06FEFC8825ABFAF500622B7A /* DemoEmptyView.m */; };
		06FEFC9125ABFAF500622B7A /* LYEmptyView.m in Sources */ = {isa = PBXBuildFile; fileRef = 06FEFC8A25ABFAF500622B7A /* LYEmptyView.m */; };
		06FEFDC025AC09C500622B7A /* CountDown.m in Sources */ = {isa = PBXBuildFile; fileRef = 06FEFDBF25AC09C500622B7A /* CountDown.m */; };
		06FEFEE525AC290400622B7A /* IQTextView.m in Sources */ = {isa = PBXBuildFile; fileRef = 06FEFEE325AC290400622B7A /* IQTextView.m */; };
		06FEFF7425AC325F00622B7A /* IQNSArray+Sort.m in Sources */ = {isa = PBXBuildFile; fileRef = 06FEFF6A25AC325F00622B7A /* IQNSArray+Sort.m */; };
		06FEFF7525AC325F00622B7A /* IQUITextFieldView+Additions.m in Sources */ = {isa = PBXBuildFile; fileRef = 06FEFF6C25AC325F00622B7A /* IQUITextFieldView+Additions.m */; };
		06FEFF7625AC325F00622B7A /* IQUIScrollView+Additions.m in Sources */ = {isa = PBXBuildFile; fileRef = 06FEFF6D25AC325F00622B7A /* IQUIScrollView+Additions.m */; };
		06FEFF7725AC325F00622B7A /* IQUIView+Hierarchy.m in Sources */ = {isa = PBXBuildFile; fileRef = 06FEFF6E25AC325F00622B7A /* IQUIView+Hierarchy.m */; };
		06FEFF7825AC325F00622B7A /* IQUIViewController+Additions.m in Sources */ = {isa = PBXBuildFile; fileRef = 06FEFF7225AC325F00622B7A /* IQUIViewController+Additions.m */; };
		06FEFFEA25AC3C3200622B7A /* IQToolbar.m in Sources */ = {isa = PBXBuildFile; fileRef = 06FEFFE125AC3C3200622B7A /* IQToolbar.m */; };
		06FEFFEB25AC3C3200622B7A /* IQTitleBarButtonItem.m in Sources */ = {isa = PBXBuildFile; fileRef = 06FEFFE325AC3C3200622B7A /* IQTitleBarButtonItem.m */; };
		06FEFFEC25AC3C3200622B7A /* IQBarButtonItem.m in Sources */ = {isa = PBXBuildFile; fileRef = 06FEFFE425AC3C3200622B7A /* IQBarButtonItem.m */; };
		06FEFFED25AC3C3200622B7A /* IQUIView+IQKeyboardToolbar.m in Sources */ = {isa = PBXBuildFile; fileRef = 06FEFFE525AC3C3200622B7A /* IQUIView+IQKeyboardToolbar.m */; };
		06FEFFEE25AC3C3200622B7A /* IQPreviousNextView.m in Sources */ = {isa = PBXBuildFile; fileRef = 06FEFFE625AC3C3200622B7A /* IQPreviousNextView.m */; };
		2E68C9DE12C8C6021013ADC8 /* Pods_privateLibrary_Example.framework in Frameworks */ = {isa = PBXBuildFile; fileRef = D16668C3398901D4637CEC7E /* Pods_privateLibrary_Example.framework */; };
		6003F58E195388D20070C39A /* Foundation.framework in Frameworks */ = {isa = PBXBuildFile; fileRef = 6003F58D195388D20070C39A /* Foundation.framework */; };
		6003F590195388D20070C39A /* CoreGraphics.framework in Frameworks */ = {isa = PBXBuildFile; fileRef = 6003F58F195388D20070C39A /* CoreGraphics.framework */; };
		6003F592195388D20070C39A /* UIKit.framework in Frameworks */ = {isa = PBXBuildFile; fileRef = 6003F591195388D20070C39A /* UIKit.framework */; };
		6003F598195388D20070C39A /* InfoPlist.strings in Resources */ = {isa = PBXBuildFile; fileRef = 6003F596195388D20070C39A /* InfoPlist.strings */; };
		6003F59A195388D20070C39A /* main.m in Sources */ = {isa = PBXBuildFile; fileRef = 6003F599195388D20070C39A /* main.m */; };
		6003F59E195388D20070C39A /* HJAppDelegate.m in Sources */ = {isa = PBXBuildFile; fileRef = 6003F59D195388D20070C39A /* HJAppDelegate.m */; };
		6003F5A7195388D20070C39A /* HJViewController.m in Sources */ = {isa = PBXBuildFile; fileRef = 6003F5A6195388D20070C39A /* HJViewController.m */; };
		6003F5A9195388D20070C39A /* Images.xcassets in Resources */ = {isa = PBXBuildFile; fileRef = 6003F5A8195388D20070C39A /* Images.xcassets */; };
		6003F5B0195388D20070C39A /* XCTest.framework in Frameworks */ = {isa = PBXBuildFile; fileRef = 6003F5AF195388D20070C39A /* XCTest.framework */; };
		6003F5B1195388D20070C39A /* Foundation.framework in Frameworks */ = {isa = PBXBuildFile; fileRef = 6003F58D195388D20070C39A /* Foundation.framework */; };
		6003F5B2195388D20070C39A /* UIKit.framework in Frameworks */ = {isa = PBXBuildFile; fileRef = 6003F591195388D20070C39A /* UIKit.framework */; };
		6003F5BA195388D20070C39A /* InfoPlist.strings in Resources */ = {isa = PBXBuildFile; fileRef = 6003F5B8195388D20070C39A /* InfoPlist.strings */; };
		6003F5BC195388D20070C39A /* Tests.m in Sources */ = {isa = PBXBuildFile; fileRef = 6003F5BB195388D20070C39A /* Tests.m */; };
		71719F9F1E33DC2100824A3D /* LaunchScreen.storyboard in Resources */ = {isa = PBXBuildFile; fileRef = 71719F9D1E33DC2100824A3D /* LaunchScreen.storyboard */; };
		873B8AEB1B1F5CCA007FD442 /* Main.storyboard in Resources */ = {isa = PBXBuildFile; fileRef = 873B8AEA1B1F5CCA007FD442 /* Main.storyboard */; };
		93E324B28CE839685FF3F93D /* Pods_privateLibrary_Tests.framework in Frameworks */ = {isa = PBXBuildFile; fileRef = F9C7E89F89F17E3095E27884 /* Pods_privateLibrary_Tests.framework */; };
/* End PBXBuildFile section */

/* Begin PBXContainerItemProxy section */
		6003F5B3195388D20070C39A /* PBXContainerItemProxy */ = {
			isa = PBXContainerItemProxy;
			containerPortal = 6003F582195388D10070C39A /* Project object */;
			proxyType = 1;
			remoteGlobalIDString = 6003F589195388D20070C39A;
			remoteInfo = privateLibrary;
		};
/* End PBXContainerItemProxy section */

/* Begin PBXFileReference section */
		06FE000525AC3CF700622B7A /* IQKeyboardManager.h */ = {isa = PBXFileReference; fileEncoding = 4; lastKnownFileType = sourcecode.c.h; path = IQKeyboardManager.h; sourceTree = "<group>"; };
		06FE000625AC3CF700622B7A /* IQKeyboardReturnKeyHandler.h */ = {isa = PBXFileReference; fileEncoding = 4; lastKnownFileType = sourcecode.c.h; path = IQKeyboardReturnKeyHandler.h; sourceTree = "<group>"; };
		06FE000725AC3CF700622B7A /* IQKeyboardManager.m */ = {isa = PBXFileReference; fileEncoding = 4; lastKnownFileType = sourcecode.c.objc; path = IQKeyboardManager.m; sourceTree = "<group>"; };
		06FE000825AC3CF700622B7A /* IQKeyboardReturnKeyHandler.m */ = {isa = PBXFileReference; fileEncoding = 4; lastKnownFileType = sourcecode.c.objc; path = IQKeyboardReturnKeyHandler.m; sourceTree = "<group>"; };
		06FE004D25AC419300622B7A /* TTGTagCollectionView.h */ = {isa = PBXFileReference; fileEncoding = 4; lastKnownFileType = sourcecode.c.h; path = TTGTagCollectionView.h; sourceTree = "<group>"; };
		06FE004E25AC419300622B7A /* TTGTextTagCollectionView.h */ = {isa = PBXFileReference; fileEncoding = 4; lastKnownFileType = sourcecode.c.h; path = TTGTextTagCollectionView.h; sourceTree = "<group>"; };
		06FE004F25AC419300622B7A /* TTGTagCollectionView.m */ = {isa = PBXFileReference; fileEncoding = 4; lastKnownFileType = sourcecode.c.objc; path = TTGTagCollectionView.m; sourceTree = "<group>"; };
		06FE005025AC419300622B7A /* TTGTextTagCollectionView.m */ = {isa = PBXFileReference; fileEncoding = 4; lastKnownFileType = sourcecode.c.objc; path = TTGTextTagCollectionView.m; sourceTree = "<group>"; };
		06FE006A25AC438700622B7A /* DashLine.m */ = {isa = PBXFileReference; fileEncoding = 4; lastKnownFileType = sourcecode.c.objc; path = DashLine.m; sourceTree = "<group>"; };
		06FE006B25AC438700622B7A /* DashLine.h */ = {isa = PBXFileReference; fileEncoding = 4; lastKnownFileType = sourcecode.c.h; path = DashLine.h; sourceTree = "<group>"; };
		06FE009125AC44BD00622B7A /* SXHeadLine.m */ = {isa = PBXFileReference; fileEncoding = 4; lastKnownFileType = sourcecode.c.objc; path = SXHeadLine.m; sourceTree = "<group>"; };
		06FE009225AC44BD00622B7A /* SXHeadLine.h */ = {isa = PBXFileReference; fileEncoding = 4; lastKnownFileType = sourcecode.c.h; path = SXHeadLine.h; sourceTree = "<group>"; };
		06FE00CF25AC488F00622B7A /* WMZDropDownMenu+MoreView.h */ = {isa = PBXFileReference; fileEncoding = 4; lastKnownFileType = sourcecode.c.h; path = "WMZDropDownMenu+MoreView.h"; sourceTree = "<group>"; };
		06FE00D025AC488F00622B7A /* WMZDropDownMenu+NormalView.h */ = {isa = PBXFileReference; fileEncoding = 4; lastKnownFileType = sourcecode.c.h; path = "WMZDropDownMenu+NormalView.h"; sourceTree = "<group>"; };
		06FE00D125AC488F00622B7A /* WMZDropCollectionView.h */ = {isa = PBXFileReference; fileEncoding = 4; lastKnownFileType = sourcecode.c.h; path = WMZDropCollectionView.h; sourceTree = "<group>"; };
		06FE00D225AC488F00622B7A /* WMZDropDwonMenuConfig.h */ = {isa = PBXFileReference; fileEncoding = 4; lastKnownFileType = sourcecode.c.h; path = WMZDropDwonMenuConfig.h; sourceTree = "<group>"; };
		06FE00D325AC488F00622B7A /* WMZDropMenuTool.h */ = {isa = PBXFileReference; fileEncoding = 4; lastKnownFileType = sourcecode.c.h; path = WMZDropMenuTool.h; sourceTree = "<group>"; };
		06FE00D425AC488F00622B7A /* WMZDropDownMenu+DealDelegate.m */ = {isa = PBXFileReference; fileEncoding = 4; lastKnownFileType = sourcecode.c.objc; path = "WMZDropDownMenu+DealDelegate.m"; sourceTree = "<group>"; };
		06FE00D525AC488F00622B7A /* WMZDropDownMenu.h */ = {isa = PBXFileReference; fileEncoding = 4; lastKnownFileType = sourcecode.c.h; path = WMZDropDownMenu.h; sourceTree = "<group>"; };
		06FE00D625AC488F00622B7A /* WMZDropTableView.m */ = {isa = PBXFileReference; fileEncoding = 4; lastKnownFileType = sourcecode.c.objc; path = WMZDropTableView.m; sourceTree = "<group>"; };
		06FE00D725AC488F00622B7A /* WMZDropDownMenu+DealLogic.h */ = {isa = PBXFileReference; fileEncoding = 4; lastKnownFileType = sourcecode.c.h; path = "WMZDropDownMenu+DealLogic.h"; sourceTree = "<group>"; };
		06FE00D825AC488F00622B7A /* Aspects.h */ = {isa = PBXFileReference; fileEncoding = 4; lastKnownFileType = sourcecode.c.h; path = Aspects.h; sourceTree = "<group>"; };
		06FE00D925AC488F00622B7A /* WMZDropMenuParam.h */ = {isa = PBXFileReference; fileEncoding = 4; lastKnownFileType = sourcecode.c.h; path = WMZDropMenuParam.h; sourceTree = "<group>"; };
		06FE00DA25AC488F00622B7A /* WMZDropIndexPath.m */ = {isa = PBXFileReference; fileEncoding = 4; lastKnownFileType = sourcecode.c.objc; path = WMZDropIndexPath.m; sourceTree = "<group>"; };
		06FE00DB25AC488F00622B7A /* WMZDropDownMenu+FootHeaderView.h */ = {isa = PBXFileReference; fileEncoding = 4; lastKnownFileType = sourcecode.c.h; path = "WMZDropDownMenu+FootHeaderView.h"; sourceTree = "<group>"; };
		06FE00DC25AC488F00622B7A /* WMZDropMenuBase.h */ = {isa = PBXFileReference; fileEncoding = 4; lastKnownFileType = sourcecode.c.h; path = WMZDropMenuBase.h; sourceTree = "<group>"; };
		06FE00DD25AC488F00622B7A /* WMZDropMenuBtn.m */ = {isa = PBXFileReference; fileEncoding = 4; lastKnownFileType = sourcecode.c.objc; path = WMZDropMenuBtn.m; sourceTree = "<group>"; };
		06FE00DE25AC488F00622B7A /* WMZDropDownMenu+NormalView.m */ = {isa = PBXFileReference; fileEncoding = 4; lastKnownFileType = sourcecode.c.objc; path = "WMZDropDownMenu+NormalView.m"; sourceTree = "<group>"; };
		06FE00DF25AC488F00622B7A /* WMZDropDownMenu+MoreView.m */ = {isa = PBXFileReference; fileEncoding = 4; lastKnownFileType = sourcecode.c.objc; path = "WMZDropDownMenu+MoreView.m"; sourceTree = "<group>"; };
		06FE00E025AC488F00622B7A /* WMZDropMenu.bundle */ = {isa = PBXFileReference; lastKnownFileType = "wrapper.plug-in"; path = WMZDropMenu.bundle; sourceTree = "<group>"; };
		06FE00E125AC488F00622B7A /* WMZDropDownMenu+DealDelegate.h */ = {isa = PBXFileReference; fileEncoding = 4; lastKnownFileType = sourcecode.c.h; path = "WMZDropDownMenu+DealDelegate.h"; sourceTree = "<group>"; };
		06FE00E225AC488F00622B7A /* WMZDropMenuTool.m */ = {isa = PBXFileReference; fileEncoding = 4; lastKnownFileType = sourcecode.c.objc; path = WMZDropMenuTool.m; sourceTree = "<group>"; };
		06FE00E325AC488F00622B7A /* WMZDropCollectionView.m */ = {isa = PBXFileReference; fileEncoding = 4; lastKnownFileType = sourcecode.c.objc; path = WMZDropCollectionView.m; sourceTree = "<group>"; };
		06FE00E425AC488F00622B7A /* WMZDropIndexPath.h */ = {isa = PBXFileReference; fileEncoding = 4; lastKnownFileType = sourcecode.c.h; path = WMZDropIndexPath.h; sourceTree = "<group>"; };
		06FE00E525AC488F00622B7A /* WMZDropMenuParam.m */ = {isa = PBXFileReference; fileEncoding = 4; lastKnownFileType = sourcecode.c.objc; path = WMZDropMenuParam.m; sourceTree = "<group>"; };
		06FE00E625AC488F00622B7A /* Aspects.m */ = {isa = PBXFileReference; fileEncoding = 4; lastKnownFileType = sourcecode.c.objc; path = Aspects.m; sourceTree = "<group>"; };
		06FE00E725AC488F00622B7A /* WMZDropTableView.h */ = {isa = PBXFileReference; fileEncoding = 4; lastKnownFileType = sourcecode.c.h; path = WMZDropTableView.h; sourceTree = "<group>"; };
		06FE00E825AC488F00622B7A /* WMZDropDownMenu+DealLogic.m */ = {isa = PBXFileReference; fileEncoding = 4; lastKnownFileType = sourcecode.c.objc; path = "WMZDropDownMenu+DealLogic.m"; sourceTree = "<group>"; };
		06FE00E925AC488F00622B7A /* WMZDropDownMenu.m */ = {isa = PBXFileReference; fileEncoding = 4; lastKnownFileType = sourcecode.c.objc; path = WMZDropDownMenu.m; sourceTree = "<group>"; };
		06FE00EA25AC488F00622B7A /* WMZDropMenuDelegate.h */ = {isa = PBXFileReference; fileEncoding = 4; lastKnownFileType = sourcecode.c.h; path = WMZDropMenuDelegate.h; sourceTree = "<group>"; };
		06FE00EB25AC488F00622B7A /* WMZDropMenuBtn.h */ = {isa = PBXFileReference; fileEncoding = 4; lastKnownFileType = sourcecode.c.h; path = WMZDropMenuBtn.h; sourceTree = "<group>"; };
		06FE00EC25AC488F00622B7A /* WMZDropMenuBase.m */ = {isa = PBXFileReference; fileEncoding = 4; lastKnownFileType = sourcecode.c.objc; path = WMZDropMenuBase.m; sourceTree = "<group>"; };
		06FE00ED25AC488F00622B7A /* WMZDropDownMenu+FootHeaderView.m */ = {isa = PBXFileReference; fileEncoding = 4; lastKnownFileType = sourcecode.c.objc; path = "WMZDropDownMenu+FootHeaderView.m"; sourceTree = "<group>"; };
		06FE010B25AC495F00622B7A /* UIViewController+Nav.h */ = {isa = PBXFileReference; fileEncoding = 4; lastKnownFileType = sourcecode.c.h; path = "UIViewController+Nav.h"; sourceTree = "<group>"; };
		06FE010C25AC495F00622B7A /* UIViewController+Nav.m */ = {isa = PBXFileReference; fileEncoding = 4; lastKnownFileType = sourcecode.c.objc; path = "UIViewController+Nav.m"; sourceTree = "<group>"; };
		06FE010F25AC495F00622B7A /* FLAnimatedImage.m */ = {isa = PBXFileReference; fileEncoding = 4; lastKnownFileType = sourcecode.c.objc; path = FLAnimatedImage.m; sourceTree = "<group>"; };
		06FE011025AC495F00622B7A /* FLAnimatedImageView.m */ = {isa = PBXFileReference; fileEncoding = 4; lastKnownFileType = sourcecode.c.objc; path = FLAnimatedImageView.m; sourceTree = "<group>"; };
		06FE011125AC495F00622B7A /* FLAnimatedImage.h */ = {isa = PBXFileReference; fileEncoding = 4; lastKnownFileType = sourcecode.c.h; path = FLAnimatedImage.h; sourceTree = "<group>"; };
		06FE011225AC495F00622B7A /* FLAnimatedImageView.h */ = {isa = PBXFileReference; fileEncoding = 4; lastKnownFileType = sourcecode.c.h; path = FLAnimatedImageView.h; sourceTree = "<group>"; };
		06FE011425AC495F00622B7A /* XHLaunchAdController.h */ = {isa = PBXFileReference; fileEncoding = 4; lastKnownFileType = sourcecode.c.h; path = XHLaunchAdController.h; sourceTree = "<group>"; };
		06FE011525AC495F00622B7A /* XHLaunchAd.h */ = {isa = PBXFileReference; fileEncoding = 4; lastKnownFileType = sourcecode.c.h; path = XHLaunchAd.h; sourceTree = "<group>"; };
		06FE011625AC495F00622B7A /* XHLaunchAdDownloader.h */ = {isa = PBXFileReference; fileEncoding = 4; lastKnownFileType = sourcecode.c.h; path = XHLaunchAdDownloader.h; sourceTree = "<group>"; };
		06FE011725AC495F00622B7A /* XHLaunchAdView.m */ = {isa = PBXFileReference; fileEncoding = 4; lastKnownFileType = sourcecode.c.objc; path = XHLaunchAdView.m; sourceTree = "<group>"; };
		06FE011825AC495F00622B7A /* XHLaunchAdCache.h */ = {isa = PBXFileReference; fileEncoding = 4; lastKnownFileType = sourcecode.c.h; path = XHLaunchAdCache.h; sourceTree = "<group>"; };
		06FE011925AC495F00622B7A /* XHLaunchAdConfiguration.h */ = {isa = PBXFileReference; fileEncoding = 4; lastKnownFileType = sourcecode.c.h; path = XHLaunchAdConfiguration.h; sourceTree = "<group>"; };
		06FE011A25AC495F00622B7A /* XHLaunchAdButton.m */ = {isa = PBXFileReference; fileEncoding = 4; lastKnownFileType = sourcecode.c.objc; path = XHLaunchAdButton.m; sourceTree = "<group>"; };
		06FE011B25AC495F00622B7A /* XHLaunchAdImageView+XHLaunchAdCache.h */ = {isa = PBXFileReference; fileEncoding = 4; lastKnownFileType = sourcecode.c.h; path = "XHLaunchAdImageView+XHLaunchAdCache.h"; sourceTree = "<group>"; };
		06FE011C25AC495F00622B7A /* XHLaunchImageView.m */ = {isa = PBXFileReference; fileEncoding = 4; lastKnownFileType = sourcecode.c.objc; path = XHLaunchImageView.m; sourceTree = "<group>"; };
		06FE011D25AC495F00622B7A /* XHLaunchAdConst.m */ = {isa = PBXFileReference; fileEncoding = 4; lastKnownFileType = sourcecode.c.objc; path = XHLaunchAdConst.m; sourceTree = "<group>"; };
		06FE011E25AC495F00622B7A /* XHLaunchAdImageManager.h */ = {isa = PBXFileReference; fileEncoding = 4; lastKnownFileType = sourcecode.c.h; path = XHLaunchAdImageManager.h; sourceTree = "<group>"; };
		06FE011F25AC495F00622B7A /* XHLaunchAd.m */ = {isa = PBXFileReference; fileEncoding = 4; lastKnownFileType = sourcecode.c.objc; path = XHLaunchAd.m; sourceTree = "<group>"; };
		06FE012025AC495F00622B7A /* XHLaunchAdController.m */ = {isa = PBXFileReference; fileEncoding = 4; lastKnownFileType = sourcecode.c.objc; path = XHLaunchAdController.m; sourceTree = "<group>"; };
		06FE012125AC495F00622B7A /* XHLaunchAdDownloader.m */ = {isa = PBXFileReference; fileEncoding = 4; lastKnownFileType = sourcecode.c.objc; path = XHLaunchAdDownloader.m; sourceTree = "<group>"; };
		06FE012225AC495F00622B7A /* XHLaunchImageView.h */ = {isa = PBXFileReference; fileEncoding = 4; lastKnownFileType = sourcecode.c.h; path = XHLaunchImageView.h; sourceTree = "<group>"; };
		06FE012325AC495F00622B7A /* XHLaunchAdImageView+XHLaunchAdCache.m */ = {isa = PBXFileReference; fileEncoding = 4; lastKnownFileType = sourcecode.c.objc; path = "XHLaunchAdImageView+XHLaunchAdCache.m"; sourceTree = "<group>"; };
		06FE012425AC495F00622B7A /* XHLaunchAdConfiguration.m */ = {isa = PBXFileReference; fileEncoding = 4; lastKnownFileType = sourcecode.c.objc; path = XHLaunchAdConfiguration.m; sourceTree = "<group>"; };
		06FE012525AC495F00622B7A /* XHLaunchAdButton.h */ = {isa = PBXFileReference; fileEncoding = 4; lastKnownFileType = sourcecode.c.h; path = XHLaunchAdButton.h; sourceTree = "<group>"; };
		06FE012625AC495F00622B7A /* XHLaunchAdCache.m */ = {isa = PBXFileReference; fileEncoding = 4; lastKnownFileType = sourcecode.c.objc; path = XHLaunchAdCache.m; sourceTree = "<group>"; };
		06FE012725AC495F00622B7A /* XHLaunchAdView.h */ = {isa = PBXFileReference; fileEncoding = 4; lastKnownFileType = sourcecode.c.h; path = XHLaunchAdView.h; sourceTree = "<group>"; };
		06FE012825AC495F00622B7A /* XHLaunchAdImageManager.m */ = {isa = PBXFileReference; fileEncoding = 4; lastKnownFileType = sourcecode.c.objc; path = XHLaunchAdImageManager.m; sourceTree = "<group>"; };
		06FE012925AC495F00622B7A /* XHLaunchAdConst.h */ = {isa = PBXFileReference; fileEncoding = 4; lastKnownFileType = sourcecode.c.h; path = XHLaunchAdConst.h; sourceTree = "<group>"; };
		06FE01A825AC557300622B7A /* TZPhotoPreviewCell.h */ = {isa = PBXFileReference; fileEncoding = 4; lastKnownFileType = sourcecode.c.h; path = TZPhotoPreviewCell.h; sourceTree = "<group>"; };
		06FE01A925AC557300622B7A /* TZPhotoPickerController.h */ = {isa = PBXFileReference; fileEncoding = 4; lastKnownFileType = sourcecode.c.h; path = TZPhotoPickerController.h; sourceTree = "<group>"; };
		06FE01AA25AC557300622B7A /* TZImageCropManager.m */ = {isa = PBXFileReference; fileEncoding = 4; lastKnownFileType = sourcecode.c.objc; path = TZImageCropManager.m; sourceTree = "<group>"; };
		06FE01AB25AC557300622B7A /* TZImageManager.h */ = {isa = PBXFileReference; fileEncoding = 4; lastKnownFileType = sourcecode.c.h; path = TZImageManager.h; sourceTree = "<group>"; };
		06FE01AC25AC557300622B7A /* TZAssetCell.m */ = {isa = PBXFileReference; fileEncoding = 4; lastKnownFileType = sourcecode.c.objc; path = TZAssetCell.m; sourceTree = "<group>"; };
		06FE01AD25AC557300622B7A /* TZVideoPlayerController.m */ = {isa = PBXFileReference; fileEncoding = 4; lastKnownFileType = sourcecode.c.objc; path = TZVideoPlayerController.m; sourceTree = "<group>"; };
		06FE01AE25AC557300622B7A /* TZAssetModel.m */ = {isa = PBXFileReference; fileEncoding = 4; lastKnownFileType = sourcecode.c.objc; path = TZAssetModel.m; sourceTree = "<group>"; };
		06FE01AF25AC557300622B7A /* NSBundle+TZImagePicker.m */ = {isa = PBXFileReference; fileEncoding = 4; lastKnownFileType = sourcecode.c.objc; path = "NSBundle+TZImagePicker.m"; sourceTree = "<group>"; };
		06FE01B025AC557300622B7A /* TZLocationManager.h */ = {isa = PBXFileReference; fileEncoding = 4; lastKnownFileType = sourcecode.c.h; path = TZLocationManager.h; sourceTree = "<group>"; };
		06FE01B125AC557300622B7A /* TZImagePickerController.h */ = {isa = PBXFileReference; fileEncoding = 4; lastKnownFileType = sourcecode.c.h; path = TZImagePickerController.h; sourceTree = "<group>"; };
		06FE01B225AC557300622B7A /* UIView+Layout.m */ = {isa = PBXFileReference; fileEncoding = 4; lastKnownFileType = sourcecode.c.objc; path = "UIView+Layout.m"; sourceTree = "<group>"; };
		06FE01B325AC557300622B7A /* TZPhotoPreviewController.m */ = {isa = PBXFileReference; fileEncoding = 4; lastKnownFileType = sourcecode.c.objc; path = TZPhotoPreviewController.m; sourceTree = "<group>"; };
		06FE01B425AC557300622B7A /* TZImagePickerController.bundle */ = {isa = PBXFileReference; lastKnownFileType = "wrapper.plug-in"; path = TZImagePickerController.bundle; sourceTree = "<group>"; };
		06FE01B525AC557300622B7A /* TZProgressView.m */ = {isa = PBXFileReference; fileEncoding = 4; lastKnownFileType = sourcecode.c.objc; path = TZProgressView.m; sourceTree = "<group>"; };
		06FE01B625AC557300622B7A /* TZGifPhotoPreviewController.h */ = {isa = PBXFileReference; fileEncoding = 4; lastKnownFileType = sourcecode.c.h; path = TZGifPhotoPreviewController.h; sourceTree = "<group>"; };
		06FE01B725AC557300622B7A /* TZImageRequestOperation.h */ = {isa = PBXFileReference; fileEncoding = 4; lastKnownFileType = sourcecode.c.h; path = TZImageRequestOperation.h; sourceTree = "<group>"; };
		06FE01B825AC557300622B7A /* TZAssetCell.h */ = {isa = PBXFileReference; fileEncoding = 4; lastKnownFileType = sourcecode.c.h; path = TZAssetCell.h; sourceTree = "<group>"; };
		06FE01B925AC557300622B7A /* TZImageManager.m */ = {isa = PBXFileReference; fileEncoding = 4; lastKnownFileType = sourcecode.c.objc; path = TZImageManager.m; sourceTree = "<group>"; };
		06FE01BA25AC557300622B7A /* TZImageCropManager.h */ = {isa = PBXFileReference; fileEncoding = 4; lastKnownFileType = sourcecode.c.h; path = TZImageCropManager.h; sourceTree = "<group>"; };
		06FE01BB25AC557300622B7A /* TZPhotoPickerController.m */ = {isa = PBXFileReference; fileEncoding = 4; lastKnownFileType = sourcecode.c.objc; path = TZPhotoPickerController.m; sourceTree = "<group>"; };
		06FE01BC25AC557300622B7A /* TZPhotoPreviewCell.m */ = {isa = PBXFileReference; fileEncoding = 4; lastKnownFileType = sourcecode.c.objc; path = TZPhotoPreviewCell.m; sourceTree = "<group>"; };
		06FE01BD25AC557300622B7A /* NSBundle+TZImagePicker.h */ = {isa = PBXFileReference; fileEncoding = 4; lastKnownFileType = sourcecode.c.h; path = "NSBundle+TZImagePicker.h"; sourceTree = "<group>"; };
		06FE01BE25AC557300622B7A /* TZAssetModel.h */ = {isa = PBXFileReference; fileEncoding = 4; lastKnownFileType = sourcecode.c.h; path = TZAssetModel.h; sourceTree = "<group>"; };
		06FE01BF25AC557300622B7A /* TZVideoPlayerController.h */ = {isa = PBXFileReference; fileEncoding = 4; lastKnownFileType = sourcecode.c.h; path = TZVideoPlayerController.h; sourceTree = "<group>"; };
		06FE01C025AC557300622B7A /* TZPhotoPreviewController.h */ = {isa = PBXFileReference; fileEncoding = 4; lastKnownFileType = sourcecode.c.h; path = TZPhotoPreviewController.h; sourceTree = "<group>"; };
		06FE01C125AC557300622B7A /* UIView+Layout.h */ = {isa = PBXFileReference; fileEncoding = 4; lastKnownFileType = sourcecode.c.h; path = "UIView+Layout.h"; sourceTree = "<group>"; };
		06FE01C225AC557300622B7A /* TZImagePickerController.m */ = {isa = PBXFileReference; fileEncoding = 4; lastKnownFileType = sourcecode.c.objc; path = TZImagePickerController.m; sourceTree = "<group>"; };
		06FE01C325AC557300622B7A /* TZLocationManager.m */ = {isa = PBXFileReference; fileEncoding = 4; lastKnownFileType = sourcecode.c.objc; path = TZLocationManager.m; sourceTree = "<group>"; };
		06FE01C425AC557300622B7A /* TZGifPhotoPreviewController.m */ = {isa = PBXFileReference; fileEncoding = 4; lastKnownFileType = sourcecode.c.objc; path = TZGifPhotoPreviewController.m; sourceTree = "<group>"; };
		06FE01C525AC557300622B7A /* TZImageRequestOperation.m */ = {isa = PBXFileReference; fileEncoding = 4; lastKnownFileType = sourcecode.c.objc; path = TZImageRequestOperation.m; sourceTree = "<group>"; };
		06FE01C625AC557300622B7A /* TZProgressView.h */ = {isa = PBXFileReference; fileEncoding = 4; lastKnownFileType = sourcecode.c.h; path = TZProgressView.h; sourceTree = "<group>"; };
		06FEF90325A8353200622B7A /* stepperview_minus.png */ = {isa = PBXFileReference; lastKnownFileType = image.png; path = stepperview_minus.png; sourceTree = "<group>"; };
		06FEF90425A8353200622B7A /* stepperview_plus.png */ = {isa = PBXFileReference; lastKnownFileType = image.png; path = stepperview_plus.png; sourceTree = "<group>"; };
		06FEFAAF25ABDEF700622B7A /* NSMutableDictionary+GJCrash.m */ = {isa = PBXFileReference; fileEncoding = 4; lastKnownFileType = sourcecode.c.objc; path = "NSMutableDictionary+GJCrash.m"; sourceTree = "<group>"; };
		06FEFAB025ABDEF700622B7A /* NSString+GJCrash.m */ = {isa = PBXFileReference; fileEncoding = 4; lastKnownFileType = sourcecode.c.objc; path = "NSString+GJCrash.m"; sourceTree = "<group>"; };
		06FEFAB125ABDEF700622B7A /* NSMutableAttributedString+GJCrash.h */ = {isa = PBXFileReference; fileEncoding = 4; lastKnownFileType = sourcecode.c.h; path = "NSMutableAttributedString+GJCrash.h"; sourceTree = "<group>"; };
		06FEFAB225ABDEF700622B7A /* NSObject+NSNotificationCrash.h */ = {isa = PBXFileReference; fileEncoding = 4; lastKnownFileType = sourcecode.c.h; path = "NSObject+NSNotificationCrash.h"; sourceTree = "<group>"; };
		06FEFAB325ABDEF700622B7A /* GJCrashLog.h */ = {isa = PBXFileReference; fileEncoding = 4; lastKnownFileType = sourcecode.c.h; path = GJCrashLog.h; sourceTree = "<group>"; };
		06FEFAB425ABDEF700622B7A /* NSObject+KVOCrash.m */ = {isa = PBXFileReference; fileEncoding = 4; lastKnownFileType = sourcecode.c.objc; path = "NSObject+KVOCrash.m"; sourceTree = "<group>"; };
		06FEFAB525ABDEF700622B7A /* NSArray+GJCrash.m */ = {isa = PBXFileReference; fileEncoding = 4; lastKnownFileType = sourcecode.c.objc; path = "NSArray+GJCrash.m"; sourceTree = "<group>"; };
		06FEFAB625ABDEF700622B7A /* NSAttributedString+GJCrash.m */ = {isa = PBXFileReference; fileEncoding = 4; lastKnownFileType = sourcecode.c.objc; path = "NSAttributedString+GJCrash.m"; sourceTree = "<group>"; };
		06FEFAB725ABDEF700622B7A /* NSMutableString+GJCrash.h */ = {isa = PBXFileReference; fileEncoding = 4; lastKnownFileType = sourcecode.c.h; path = "NSMutableString+GJCrash.h"; sourceTree = "<group>"; };
		06FEFAB825ABDEF700622B7A /* NSObject+GJSwizzle.m */ = {isa = PBXFileReference; fileEncoding = 4; lastKnownFileType = sourcecode.c.objc; path = "NSObject+GJSwizzle.m"; sourceTree = "<group>"; };
		06FEFAB925ABDEF700622B7A /* NSMutableArray+GJCrash.h */ = {isa = PBXFileReference; fileEncoding = 4; lastKnownFileType = sourcecode.c.h; path = "NSMutableArray+GJCrash.h"; sourceTree = "<group>"; };
		06FEFABA25ABDEF700622B7A /* NSDictionary+GJCrash.h */ = {isa = PBXFileReference; fileEncoding = 4; lastKnownFileType = sourcecode.c.h; path = "NSDictionary+GJCrash.h"; sourceTree = "<group>"; };
		06FEFABB25ABDEF700622B7A /* NSMutableAttributedString+GJCrash.m */ = {isa = PBXFileReference; fileEncoding = 4; lastKnownFileType = sourcecode.c.objc; path = "NSMutableAttributedString+GJCrash.m"; sourceTree = "<group>"; };
		06FEFABC25ABDEF700622B7A /* NSString+GJCrash.h */ = {isa = PBXFileReference; fileEncoding = 4; lastKnownFileType = sourcecode.c.h; path = "NSString+GJCrash.h"; sourceTree = "<group>"; };
		06FEFABD25ABDEF700622B7A /* NSMutableDictionary+GJCrash.h */ = {isa = PBXFileReference; fileEncoding = 4; lastKnownFileType = sourcecode.c.h; path = "NSMutableDictionary+GJCrash.h"; sourceTree = "<group>"; };
		06FEFABE25ABDEF700622B7A /* NSObject+KVOCrash.h */ = {isa = PBXFileReference; fileEncoding = 4; lastKnownFileType = sourcecode.c.h; path = "NSObject+KVOCrash.h"; sourceTree = "<group>"; };
		06FEFABF25ABDEF700622B7A /* GJCrashLog.m */ = {isa = PBXFileReference; fileEncoding = 4; lastKnownFileType = sourcecode.c.objc; path = GJCrashLog.m; sourceTree = "<group>"; };
		06FEFAC025ABDEF700622B7A /* NSObject+NSNotificationCrash.m */ = {isa = PBXFileReference; fileEncoding = 4; lastKnownFileType = sourcecode.c.objc; path = "NSObject+NSNotificationCrash.m"; sourceTree = "<group>"; };
		06FEFAC125ABDEF700622B7A /* NSObject+GJSwizzle.h */ = {isa = PBXFileReference; fileEncoding = 4; lastKnownFileType = sourcecode.c.h; path = "NSObject+GJSwizzle.h"; sourceTree = "<group>"; };
		06FEFAC225ABDEF700622B7A /* NSMutableString+GJCrash.m */ = {isa = PBXFileReference; fileEncoding = 4; lastKnownFileType = sourcecode.c.objc; path = "NSMutableString+GJCrash.m"; sourceTree = "<group>"; };
		06FEFAC325ABDEF700622B7A /* NSArray+GJCrash.h */ = {isa = PBXFileReference; fileEncoding = 4; lastKnownFileType = sourcecode.c.h; path = "NSArray+GJCrash.h"; sourceTree = "<group>"; };
		06FEFAC425ABDEF700622B7A /* NSAttributedString+GJCrash.h */ = {isa = PBXFileReference; fileEncoding = 4; lastKnownFileType = sourcecode.c.h; path = "NSAttributedString+GJCrash.h"; sourceTree = "<group>"; };
		06FEFAC525ABDEF700622B7A /* NSDictionary+GJCrash.m */ = {isa = PBXFileReference; fileEncoding = 4; lastKnownFileType = sourcecode.c.objc; path = "NSDictionary+GJCrash.m"; sourceTree = "<group>"; };
		06FEFAC625ABDEF700622B7A /* NSMutableArray+GJCrash.m */ = {isa = PBXFileReference; fileEncoding = 4; lastKnownFileType = sourcecode.c.objc; path = "NSMutableArray+GJCrash.m"; sourceTree = "<group>"; };
		06FEFC8225ABFAF500622B7A /* DemoEmptyView.h */ = {isa = PBXFileReference; fileEncoding = 4; lastKnownFileType = sourcecode.c.h; path = DemoEmptyView.h; sourceTree = "<group>"; };
		06FEFC8325ABFAF500622B7A /* LYEmptyBaseView.m */ = {isa = PBXFileReference; fileEncoding = 4; lastKnownFileType = sourcecode.c.objc; path = LYEmptyBaseView.m; sourceTree = "<group>"; };
		06FEFC8425ABFAF500622B7A /* LYEmptyView.h */ = {isa = PBXFileReference; fileEncoding = 4; lastKnownFileType = sourcecode.c.h; path = LYEmptyView.h; sourceTree = "<group>"; };
		06FEFC8525ABFAF500622B7A /* UIView+Empty.m */ = {isa = PBXFileReference; fileEncoding = 4; lastKnownFileType = sourcecode.c.objc; path = "UIView+Empty.m"; sourceTree = "<group>"; };
		06FEFC8625ABFAF500622B7A /* UIView+LYExtension.m */ = {isa = PBXFileReference; fileEncoding = 4; lastKnownFileType = sourcecode.c.objc; path = "UIView+LYExtension.m"; sourceTree = "<group>"; };
		06FEFC8725ABFAF500622B7A /* LYEmptyBaseView.h */ = {isa = PBXFileReference; fileEncoding = 4; lastKnownFileType = sourcecode.c.h; path = LYEmptyBaseView.h; sourceTree = "<group>"; };
		06FEFC8825ABFAF500622B7A /* DemoEmptyView.m */ = {isa = PBXFileReference; fileEncoding = 4; lastKnownFileType = sourcecode.c.objc; path = DemoEmptyView.m; sourceTree = "<group>"; };
		06FEFC8925ABFAF500622B7A /* LYEmptyViewHeader.h */ = {isa = PBXFileReference; fileEncoding = 4; lastKnownFileType = sourcecode.c.h; path = LYEmptyViewHeader.h; sourceTree = "<group>"; };
		06FEFC8A25ABFAF500622B7A /* LYEmptyView.m */ = {isa = PBXFileReference; fileEncoding = 4; lastKnownFileType = sourcecode.c.objc; path = LYEmptyView.m; sourceTree = "<group>"; };
		06FEFC8B25ABFAF500622B7A /* UIView+LYExtension.h */ = {isa = PBXFileReference; fileEncoding = 4; lastKnownFileType = sourcecode.c.h; path = "UIView+LYExtension.h"; sourceTree = "<group>"; };
		06FEFC8C25ABFAF500622B7A /* UIView+Empty.h */ = {isa = PBXFileReference; fileEncoding = 4; lastKnownFileType = sourcecode.c.h; path = "UIView+Empty.h"; sourceTree = "<group>"; };
		06FEFDBE25AC09C500622B7A /* CountDown.h */ = {isa = PBXFileReference; fileEncoding = 4; lastKnownFileType = sourcecode.c.h; path = CountDown.h; sourceTree = "<group>"; };
		06FEFDBF25AC09C500622B7A /* CountDown.m */ = {isa = PBXFileReference; fileEncoding = 4; lastKnownFileType = sourcecode.c.objc; path = CountDown.m; sourceTree = "<group>"; };
		06FEFEAC25AC273200622B7A /* IQKeyboardManagerConstantsInternal.h */ = {isa = PBXFileReference; fileEncoding = 4; lastKnownFileType = sourcecode.c.h; path = IQKeyboardManagerConstantsInternal.h; sourceTree = "<group>"; };
		06FEFEAD25AC273200622B7A /* IQKeyboardManagerConstants.h */ = {isa = PBXFileReference; fileEncoding = 4; lastKnownFileType = sourcecode.c.h; path = IQKeyboardManagerConstants.h; sourceTree = "<group>"; };
		06FEFEE325AC290400622B7A /* IQTextView.m */ = {isa = PBXFileReference; fileEncoding = 4; lastKnownFileType = sourcecode.c.objc; path = IQTextView.m; sourceTree = "<group>"; };
		06FEFEE425AC290400622B7A /* IQTextView.h */ = {isa = PBXFileReference; fileEncoding = 4; lastKnownFileType = sourcecode.c.h; path = IQTextView.h; sourceTree = "<group>"; };
		06FEFF6A25AC325F00622B7A /* IQNSArray+Sort.m */ = {isa = PBXFileReference; fileEncoding = 4; lastKnownFileType = sourcecode.c.objc; path = "IQNSArray+Sort.m"; sourceTree = "<group>"; };
		06FEFF6B25AC325F00622B7A /* IQUIViewController+Additions.h */ = {isa = PBXFileReference; fileEncoding = 4; lastKnownFileType = sourcecode.c.h; path = "IQUIViewController+Additions.h"; sourceTree = "<group>"; };
		06FEFF6C25AC325F00622B7A /* IQUITextFieldView+Additions.m */ = {isa = PBXFileReference; fileEncoding = 4; lastKnownFileType = sourcecode.c.objc; path = "IQUITextFieldView+Additions.m"; sourceTree = "<group>"; };
		06FEFF6D25AC325F00622B7A /* IQUIScrollView+Additions.m */ = {isa = PBXFileReference; fileEncoding = 4; lastKnownFileType = sourcecode.c.objc; path = "IQUIScrollView+Additions.m"; sourceTree = "<group>"; };
		06FEFF6E25AC325F00622B7A /* IQUIView+Hierarchy.m */ = {isa = PBXFileReference; fileEncoding = 4; lastKnownFileType = sourcecode.c.objc; path = "IQUIView+Hierarchy.m"; sourceTree = "<group>"; };
		06FEFF6F25AC325F00622B7A /* IQNSArray+Sort.h */ = {isa = PBXFileReference; fileEncoding = 4; lastKnownFileType = sourcecode.c.h; path = "IQNSArray+Sort.h"; sourceTree = "<group>"; };
		06FEFF7025AC325F00622B7A /* IQUIScrollView+Additions.h */ = {isa = PBXFileReference; fileEncoding = 4; lastKnownFileType = sourcecode.c.h; path = "IQUIScrollView+Additions.h"; sourceTree = "<group>"; };
		06FEFF7125AC325F00622B7A /* IQUITextFieldView+Additions.h */ = {isa = PBXFileReference; fileEncoding = 4; lastKnownFileType = sourcecode.c.h; path = "IQUITextFieldView+Additions.h"; sourceTree = "<group>"; };
		06FEFF7225AC325F00622B7A /* IQUIViewController+Additions.m */ = {isa = PBXFileReference; fileEncoding = 4; lastKnownFileType = sourcecode.c.objc; path = "IQUIViewController+Additions.m"; sourceTree = "<group>"; };
		06FEFF7325AC325F00622B7A /* IQUIView+Hierarchy.h */ = {isa = PBXFileReference; fileEncoding = 4; lastKnownFileType = sourcecode.c.h; path = "IQUIView+Hierarchy.h"; sourceTree = "<group>"; };
		06FEFFE025AC3C3200622B7A /* IQUIView+IQKeyboardToolbar.h */ = {isa = PBXFileReference; fileEncoding = 4; lastKnownFileType = sourcecode.c.h; path = "IQUIView+IQKeyboardToolbar.h"; sourceTree = "<group>"; };
		06FEFFE125AC3C3200622B7A /* IQToolbar.m */ = {isa = PBXFileReference; fileEncoding = 4; lastKnownFileType = sourcecode.c.objc; path = IQToolbar.m; sourceTree = "<group>"; };
		06FEFFE225AC3C3200622B7A /* IQPreviousNextView.h */ = {isa = PBXFileReference; fileEncoding = 4; lastKnownFileType = sourcecode.c.h; path = IQPreviousNextView.h; sourceTree = "<group>"; };
		06FEFFE325AC3C3200622B7A /* IQTitleBarButtonItem.m */ = {isa = PBXFileReference; fileEncoding = 4; lastKnownFileType = sourcecode.c.objc; path = IQTitleBarButtonItem.m; sourceTree = "<group>"; };
		06FEFFE425AC3C3200622B7A /* IQBarButtonItem.m */ = {isa = PBXFileReference; fileEncoding = 4; lastKnownFileType = sourcecode.c.objc; path = IQBarButtonItem.m; sourceTree = "<group>"; };
		06FEFFE525AC3C3200622B7A /* IQUIView+IQKeyboardToolbar.m */ = {isa = PBXFileReference; fileEncoding = 4; lastKnownFileType = sourcecode.c.objc; path = "IQUIView+IQKeyboardToolbar.m"; sourceTree = "<group>"; };
		06FEFFE625AC3C3200622B7A /* IQPreviousNextView.m */ = {isa = PBXFileReference; fileEncoding = 4; lastKnownFileType = sourcecode.c.objc; path = IQPreviousNextView.m; sourceTree = "<group>"; };
		06FEFFE725AC3C3200622B7A /* IQToolbar.h */ = {isa = PBXFileReference; fileEncoding = 4; lastKnownFileType = sourcecode.c.h; path = IQToolbar.h; sourceTree = "<group>"; };
		06FEFFE825AC3C3200622B7A /* IQBarButtonItem.h */ = {isa = PBXFileReference; fileEncoding = 4; lastKnownFileType = sourcecode.c.h; path = IQBarButtonItem.h; sourceTree = "<group>"; };
		06FEFFE925AC3C3200622B7A /* IQTitleBarButtonItem.h */ = {isa = PBXFileReference; fileEncoding = 4; lastKnownFileType = sourcecode.c.h; path = IQTitleBarButtonItem.h; sourceTree = "<group>"; };
		526545A8E3128CB38A867B07 /* README.md */ = {isa = PBXFileReference; includeInIndex = 1; lastKnownFileType = net.daringfireball.markdown; name = README.md; path = ../README.md; sourceTree = "<group>"; };
		5CE4D6C5C093DA9F5424D034 /* Pods-privateLibrary_Tests.release.xcconfig */ = {isa = PBXFileReference; includeInIndex = 1; lastKnownFileType = text.xcconfig; name = "Pods-privateLibrary_Tests.release.xcconfig"; path = "Target Support Files/Pods-privateLibrary_Tests/Pods-privateLibrary_Tests.release.xcconfig"; sourceTree = "<group>"; };
		6003F58A195388D20070C39A /* privateLibrary_Example.app */ = {isa = PBXFileReference; explicitFileType = wrapper.application; includeInIndex = 0; path = privateLibrary_Example.app; sourceTree = BUILT_PRODUCTS_DIR; };
		6003F58D195388D20070C39A /* Foundation.framework */ = {isa = PBXFileReference; lastKnownFileType = wrapper.framework; name = Foundation.framework; path = System/Library/Frameworks/Foundation.framework; sourceTree = SDKROOT; };
		6003F58F195388D20070C39A /* CoreGraphics.framework */ = {isa = PBXFileReference; lastKnownFileType = wrapper.framework; name = CoreGraphics.framework; path = System/Library/Frameworks/CoreGraphics.framework; sourceTree = SDKROOT; };
		6003F591195388D20070C39A /* UIKit.framework */ = {isa = PBXFileReference; lastKnownFileType = wrapper.framework; name = UIKit.framework; path = System/Library/Frameworks/UIKit.framework; sourceTree = SDKROOT; };
		6003F595195388D20070C39A /* privateLibrary-Info.plist */ = {isa = PBXFileReference; lastKnownFileType = text.plist.xml; path = "privateLibrary-Info.plist"; sourceTree = "<group>"; };
		6003F597195388D20070C39A /* en */ = {isa = PBXFileReference; lastKnownFileType = text.plist.strings; name = en; path = en.lproj/InfoPlist.strings; sourceTree = "<group>"; };
		6003F599195388D20070C39A /* main.m */ = {isa = PBXFileReference; lastKnownFileType = sourcecode.c.objc; path = main.m; sourceTree = "<group>"; };
		6003F59B195388D20070C39A /* privateLibrary-Prefix.pch */ = {isa = PBXFileReference; lastKnownFileType = sourcecode.c.h; path = "privateLibrary-Prefix.pch"; sourceTree = "<group>"; };
		6003F59C195388D20070C39A /* HJAppDelegate.h */ = {isa = PBXFileReference; lastKnownFileType = sourcecode.c.h; path = HJAppDelegate.h; sourceTree = "<group>"; };
		6003F59D195388D20070C39A /* HJAppDelegate.m */ = {isa = PBXFileReference; lastKnownFileType = sourcecode.c.objc; path = HJAppDelegate.m; sourceTree = "<group>"; };
		6003F5A5195388D20070C39A /* HJViewController.h */ = {isa = PBXFileReference; lastKnownFileType = sourcecode.c.h; path = HJViewController.h; sourceTree = "<group>"; };
		6003F5A6195388D20070C39A /* HJViewController.m */ = {isa = PBXFileReference; lastKnownFileType = sourcecode.c.objc; path = HJViewController.m; sourceTree = "<group>"; };
		6003F5A8195388D20070C39A /* Images.xcassets */ = {isa = PBXFileReference; lastKnownFileType = folder.assetcatalog; path = Images.xcassets; sourceTree = "<group>"; };
		6003F5AE195388D20070C39A /* privateLibrary_Tests.xctest */ = {isa = PBXFileReference; explicitFileType = wrapper.cfbundle; includeInIndex = 0; path = privateLibrary_Tests.xctest; sourceTree = BUILT_PRODUCTS_DIR; };
		6003F5AF195388D20070C39A /* XCTest.framework */ = {isa = PBXFileReference; lastKnownFileType = wrapper.framework; name = XCTest.framework; path = Library/Frameworks/XCTest.framework; sourceTree = DEVELOPER_DIR; };
		6003F5B7195388D20070C39A /* Tests-Info.plist */ = {isa = PBXFileReference; lastKnownFileType = text.plist.xml; path = "Tests-Info.plist"; sourceTree = "<group>"; };
		6003F5B9195388D20070C39A /* en */ = {isa = PBXFileReference; lastKnownFileType = text.plist.strings; name = en; path = en.lproj/InfoPlist.strings; sourceTree = "<group>"; };
		6003F5BB195388D20070C39A /* Tests.m */ = {isa = PBXFileReference; lastKnownFileType = sourcecode.c.objc; path = Tests.m; sourceTree = "<group>"; };
		606FC2411953D9B200FFA9A0 /* Tests-Prefix.pch */ = {isa = PBXFileReference; lastKnownFileType = sourcecode.c.h; path = "Tests-Prefix.pch"; sourceTree = "<group>"; };
		71719F9E1E33DC2100824A3D /* Base */ = {isa = PBXFileReference; lastKnownFileType = file.storyboard; name = Base; path = Base.lproj/LaunchScreen.storyboard; sourceTree = "<group>"; };
		873B8AEA1B1F5CCA007FD442 /* Main.storyboard */ = {isa = PBXFileReference; fileEncoding = 4; lastKnownFileType = file.storyboard; name = Main.storyboard; path = Base.lproj/Main.storyboard; sourceTree = "<group>"; };
		954D2C990D20D1102505C8B5 /* privateLibrary.podspec */ = {isa = PBXFileReference; includeInIndex = 1; lastKnownFileType = text; name = privateLibrary.podspec; path = ../privateLibrary.podspec; sourceTree = "<group>"; };
		AC7577FCE98C2BC2F2886596 /* LICENSE */ = {isa = PBXFileReference; includeInIndex = 1; lastKnownFileType = text; name = LICENSE; path = ../LICENSE; sourceTree = "<group>"; };
		D16668C3398901D4637CEC7E /* Pods_privateLibrary_Example.framework */ = {isa = PBXFileReference; explicitFileType = wrapper.framework; includeInIndex = 0; path = Pods_privateLibrary_Example.framework; sourceTree = BUILT_PRODUCTS_DIR; };
		D99E2BCD97D543852A775A3B /* Pods-privateLibrary_Example.release.xcconfig */ = {isa = PBXFileReference; includeInIndex = 1; lastKnownFileType = text.xcconfig; name = "Pods-privateLibrary_Example.release.xcconfig"; path = "Target Support Files/Pods-privateLibrary_Example/Pods-privateLibrary_Example.release.xcconfig"; sourceTree = "<group>"; };
		F1ACBD4A24FF30AEF6FB88B0 /* Pods-privateLibrary_Tests.debug.xcconfig */ = {isa = PBXFileReference; includeInIndex = 1; lastKnownFileType = text.xcconfig; name = "Pods-privateLibrary_Tests.debug.xcconfig"; path = "Target Support Files/Pods-privateLibrary_Tests/Pods-privateLibrary_Tests.debug.xcconfig"; sourceTree = "<group>"; };
		F343288E4EA8F896679D4EC5 /* Pods-privateLibrary_Example.debug.xcconfig */ = {isa = PBXFileReference; includeInIndex = 1; lastKnownFileType = text.xcconfig; name = "Pods-privateLibrary_Example.debug.xcconfig"; path = "Target Support Files/Pods-privateLibrary_Example/Pods-privateLibrary_Example.debug.xcconfig"; sourceTree = "<group>"; };
		F9C7E89F89F17E3095E27884 /* Pods_privateLibrary_Tests.framework */ = {isa = PBXFileReference; explicitFileType = wrapper.framework; includeInIndex = 0; path = Pods_privateLibrary_Tests.framework; sourceTree = BUILT_PRODUCTS_DIR; };
/* End PBXFileReference section */

/* Begin PBXFrameworksBuildPhase section */
		6003F587195388D20070C39A /* Frameworks */ = {
			isa = PBXFrameworksBuildPhase;
			buildActionMask = 2147483647;
			files = (
				6003F590195388D20070C39A /* CoreGraphics.framework in Frameworks */,
				6003F592195388D20070C39A /* UIKit.framework in Frameworks */,
				6003F58E195388D20070C39A /* Foundation.framework in Frameworks */,
				2E68C9DE12C8C6021013ADC8 /* Pods_privateLibrary_Example.framework in Frameworks */,
			);
			runOnlyForDeploymentPostprocessing = 0;
		};
		6003F5AB195388D20070C39A /* Frameworks */ = {
			isa = PBXFrameworksBuildPhase;
			buildActionMask = 2147483647;
			files = (
				6003F5B0195388D20070C39A /* XCTest.framework in Frameworks */,
				6003F5B2195388D20070C39A /* UIKit.framework in Frameworks */,
				6003F5B1195388D20070C39A /* Foundation.framework in Frameworks */,
				93E324B28CE839685FF3F93D /* Pods_privateLibrary_Tests.framework in Frameworks */,
			);
			runOnlyForDeploymentPostprocessing = 0;
		};
/* End PBXFrameworksBuildPhase section */

/* Begin PBXGroup section */
		06FE004C25AC419300622B7A /* TTGTagCollectionView */ = {
			isa = PBXGroup;
			children = (
				06FE004D25AC419300622B7A /* TTGTagCollectionView.h */,
				06FE004E25AC419300622B7A /* TTGTextTagCollectionView.h */,
				06FE004F25AC419300622B7A /* TTGTagCollectionView.m */,
				06FE005025AC419300622B7A /* TTGTextTagCollectionView.m */,
			);
			path = TTGTagCollectionView;
			sourceTree = "<group>";
		};
		06FE006925AC438700622B7A /* DashLine */ = {
			isa = PBXGroup;
			children = (
				06FE006A25AC438700622B7A /* DashLine.m */,
				06FE006B25AC438700622B7A /* DashLine.h */,
			);
			path = DashLine;
			sourceTree = "<group>";
		};
		06FE009025AC44BC00622B7A /* Wonderful_HeadLine */ = {
			isa = PBXGroup;
			children = (
				06FE009125AC44BD00622B7A /* SXHeadLine.m */,
				06FE009225AC44BD00622B7A /* SXHeadLine.h */,
			);
			path = Wonderful_HeadLine;
			sourceTree = "<group>";
		};
		06FE00CE25AC488F00622B7A /* WMZDropDownMenu */ = {
			isa = PBXGroup;
			children = (
				06FE00CF25AC488F00622B7A /* WMZDropDownMenu+MoreView.h */,
				06FE00D025AC488F00622B7A /* WMZDropDownMenu+NormalView.h */,
				06FE00D125AC488F00622B7A /* WMZDropCollectionView.h */,
				06FE00D225AC488F00622B7A /* WMZDropDwonMenuConfig.h */,
				06FE00D325AC488F00622B7A /* WMZDropMenuTool.h */,
				06FE00D425AC488F00622B7A /* WMZDropDownMenu+DealDelegate.m */,
				06FE00D525AC488F00622B7A /* WMZDropDownMenu.h */,
				06FE00D625AC488F00622B7A /* WMZDropTableView.m */,
				06FE00D725AC488F00622B7A /* WMZDropDownMenu+DealLogic.h */,
				06FE00D825AC488F00622B7A /* Aspects.h */,
				06FE00D925AC488F00622B7A /* WMZDropMenuParam.h */,
				06FE00DA25AC488F00622B7A /* WMZDropIndexPath.m */,
				06FE00DB25AC488F00622B7A /* WMZDropDownMenu+FootHeaderView.h */,
				06FE00DC25AC488F00622B7A /* WMZDropMenuBase.h */,
				06FE00DD25AC488F00622B7A /* WMZDropMenuBtn.m */,
				06FE00DE25AC488F00622B7A /* WMZDropDownMenu+NormalView.m */,
				06FE00DF25AC488F00622B7A /* WMZDropDownMenu+MoreView.m */,
				06FE00E025AC488F00622B7A /* WMZDropMenu.bundle */,
				06FE00E125AC488F00622B7A /* WMZDropDownMenu+DealDelegate.h */,
				06FE00E225AC488F00622B7A /* WMZDropMenuTool.m */,
				06FE00E325AC488F00622B7A /* WMZDropCollectionView.m */,
				06FE00E425AC488F00622B7A /* WMZDropIndexPath.h */,
				06FE00E525AC488F00622B7A /* WMZDropMenuParam.m */,
				06FE00E625AC488F00622B7A /* Aspects.m */,
				06FE00E725AC488F00622B7A /* WMZDropTableView.h */,
				06FE00E825AC488F00622B7A /* WMZDropDownMenu+DealLogic.m */,
				06FE00E925AC488F00622B7A /* WMZDropDownMenu.m */,
				06FE00EA25AC488F00622B7A /* WMZDropMenuDelegate.h */,
				06FE00EB25AC488F00622B7A /* WMZDropMenuBtn.h */,
				06FE00EC25AC488F00622B7A /* WMZDropMenuBase.m */,
				06FE00ED25AC488F00622B7A /* WMZDropDownMenu+FootHeaderView.m */,
			);
			path = WMZDropDownMenu;
			sourceTree = "<group>";
		};
		06FE010925AC495F00622B7A /* XHLaunchAd */ = {
			isa = PBXGroup;
			children = (
				06FE010A25AC495F00622B7A /* UIViewController+ */,
				06FE010D25AC495F00622B7A /* Lib */,
				06FE011325AC495F00622B7A /* XHLaunchAd */,
			);
			path = XHLaunchAd;
			sourceTree = "<group>";
		};
		06FE010A25AC495F00622B7A /* UIViewController+ */ = {
			isa = PBXGroup;
			children = (
				06FE010B25AC495F00622B7A /* UIViewController+Nav.h */,
				06FE010C25AC495F00622B7A /* UIViewController+Nav.m */,
			);
			path = "UIViewController+";
			sourceTree = "<group>";
		};
		06FE010D25AC495F00622B7A /* Lib */ = {
			isa = PBXGroup;
			children = (
				06FE010E25AC495F00622B7A /* FLAnimatedImage */,
			);
			path = Lib;
			sourceTree = "<group>";
		};
		06FE010E25AC495F00622B7A /* FLAnimatedImage */ = {
			isa = PBXGroup;
			children = (
				06FE010F25AC495F00622B7A /* FLAnimatedImage.m */,
				06FE011025AC495F00622B7A /* FLAnimatedImageView.m */,
				06FE011125AC495F00622B7A /* FLAnimatedImage.h */,
				06FE011225AC495F00622B7A /* FLAnimatedImageView.h */,
			);
			path = FLAnimatedImage;
			sourceTree = "<group>";
		};
		06FE011325AC495F00622B7A /* XHLaunchAd */ = {
			isa = PBXGroup;
			children = (
				06FE011425AC495F00622B7A /* XHLaunchAdController.h */,
				06FE011525AC495F00622B7A /* XHLaunchAd.h */,
				06FE011625AC495F00622B7A /* XHLaunchAdDownloader.h */,
				06FE011725AC495F00622B7A /* XHLaunchAdView.m */,
				06FE011825AC495F00622B7A /* XHLaunchAdCache.h */,
				06FE011925AC495F00622B7A /* XHLaunchAdConfiguration.h */,
				06FE011A25AC495F00622B7A /* XHLaunchAdButton.m */,
				06FE011B25AC495F00622B7A /* XHLaunchAdImageView+XHLaunchAdCache.h */,
				06FE011C25AC495F00622B7A /* XHLaunchImageView.m */,
				06FE011D25AC495F00622B7A /* XHLaunchAdConst.m */,
				06FE011E25AC495F00622B7A /* XHLaunchAdImageManager.h */,
				06FE011F25AC495F00622B7A /* XHLaunchAd.m */,
				06FE012025AC495F00622B7A /* XHLaunchAdController.m */,
				06FE012125AC495F00622B7A /* XHLaunchAdDownloader.m */,
				06FE012225AC495F00622B7A /* XHLaunchImageView.h */,
				06FE012325AC495F00622B7A /* XHLaunchAdImageView+XHLaunchAdCache.m */,
				06FE012425AC495F00622B7A /* XHLaunchAdConfiguration.m */,
				06FE012525AC495F00622B7A /* XHLaunchAdButton.h */,
				06FE012625AC495F00622B7A /* XHLaunchAdCache.m */,
				06FE012725AC495F00622B7A /* XHLaunchAdView.h */,
				06FE012825AC495F00622B7A /* XHLaunchAdImageManager.m */,
				06FE012925AC495F00622B7A /* XHLaunchAdConst.h */,
			);
			path = XHLaunchAd;
			sourceTree = "<group>";
		};
		06FE01A725AC557300622B7A /* TZImagePickerController */ = {
			isa = PBXGroup;
			children = (
				06FE01A825AC557300622B7A /* TZPhotoPreviewCell.h */,
				06FE01A925AC557300622B7A /* TZPhotoPickerController.h */,
				06FE01AA25AC557300622B7A /* TZImageCropManager.m */,
				06FE01AB25AC557300622B7A /* TZImageManager.h */,
				06FE01AC25AC557300622B7A /* TZAssetCell.m */,
				06FE01AD25AC557300622B7A /* TZVideoPlayerController.m */,
				06FE01AE25AC557300622B7A /* TZAssetModel.m */,
				06FE01AF25AC557300622B7A /* NSBundle+TZImagePicker.m */,
				06FE01B025AC557300622B7A /* TZLocationManager.h */,
				06FE01B125AC557300622B7A /* TZImagePickerController.h */,
				06FE01B225AC557300622B7A /* UIView+Layout.m */,
				06FE01B325AC557300622B7A /* TZPhotoPreviewController.m */,
				06FE01B425AC557300622B7A /* TZImagePickerController.bundle */,
				06FE01B525AC557300622B7A /* TZProgressView.m */,
				06FE01B625AC557300622B7A /* TZGifPhotoPreviewController.h */,
				06FE01B725AC557300622B7A /* TZImageRequestOperation.h */,
				06FE01B825AC557300622B7A /* TZAssetCell.h */,
				06FE01B925AC557300622B7A /* TZImageManager.m */,
				06FE01BA25AC557300622B7A /* TZImageCropManager.h */,
				06FE01BB25AC557300622B7A /* TZPhotoPickerController.m */,
				06FE01BC25AC557300622B7A /* TZPhotoPreviewCell.m */,
				06FE01BD25AC557300622B7A /* NSBundle+TZImagePicker.h */,
				06FE01BE25AC557300622B7A /* TZAssetModel.h */,
				06FE01BF25AC557300622B7A /* TZVideoPlayerController.h */,
				06FE01C025AC557300622B7A /* TZPhotoPreviewController.h */,
				06FE01C125AC557300622B7A /* UIView+Layout.h */,
				06FE01C225AC557300622B7A /* TZImagePickerController.m */,
				06FE01C325AC557300622B7A /* TZLocationManager.m */,
				06FE01C425AC557300622B7A /* TZGifPhotoPreviewController.m */,
				06FE01C525AC557300622B7A /* TZImageRequestOperation.m */,
				06FE01C625AC557300622B7A /* TZProgressView.h */,
			);
			path = TZImagePickerController;
			sourceTree = "<group>";
		};
		06FEF88125A80B6000622B7A /* Classes */ = {
			isa = PBXGroup;
			children = (
				06FE01A725AC557300622B7A /* TZImagePickerController */,
				06FE010925AC495F00622B7A /* XHLaunchAd */,
				06FE00CE25AC488F00622B7A /* WMZDropDownMenu */,
				06FE009025AC44BC00622B7A /* Wonderful_HeadLine */,
				06FE006925AC438700622B7A /* DashLine */,
				06FE004C25AC419300622B7A /* TTGTagCollectionView */,
				06FEFDF825AC0C7500622B7A /* IQKeyboardManager */,
				06FEFDBD25AC09C500622B7A /* CountDown */,
				06FEFC8125ABFAF500622B7A /* LYEmptyView */,
				06FEFAAE25ABDEF600622B7A /* GJNoCrash */,
			);
			name = Classes;
			path = ../../privateLibrary/Classes;
			sourceTree = "<group>";
		};
		06FEF88425A80B6000622B7A /* Assets */ = {
			isa = PBXGroup;
			children = (
				06FEF90325A8353200622B7A /* stepperview_minus.png */,
				06FEF90425A8353200622B7A /* stepperview_plus.png */,
			);
			name = Assets;
			path = ../../privateLibrary/Assets;
			sourceTree = "<group>";
		};
		06FEFAAE25ABDEF600622B7A /* GJNoCrash */ = {
			isa = PBXGroup;
			children = (
				06FEFAAF25ABDEF700622B7A /* NSMutableDictionary+GJCrash.m */,
				06FEFAB025ABDEF700622B7A /* NSString+GJCrash.m */,
				06FEFAB125ABDEF700622B7A /* NSMutableAttributedString+GJCrash.h */,
				06FEFAB225ABDEF700622B7A /* NSObject+NSNotificationCrash.h */,
				06FEFAB325ABDEF700622B7A /* GJCrashLog.h */,
				06FEFAB425ABDEF700622B7A /* NSObject+KVOCrash.m */,
				06FEFAB525ABDEF700622B7A /* NSArray+GJCrash.m */,
				06FEFAB625ABDEF700622B7A /* NSAttributedString+GJCrash.m */,
				06FEFAB725ABDEF700622B7A /* NSMutableString+GJCrash.h */,
				06FEFAB825ABDEF700622B7A /* NSObject+GJSwizzle.m */,
				06FEFAB925ABDEF700622B7A /* NSMutableArray+GJCrash.h */,
				06FEFABA25ABDEF700622B7A /* NSDictionary+GJCrash.h */,
				06FEFABB25ABDEF700622B7A /* NSMutableAttributedString+GJCrash.m */,
				06FEFABC25ABDEF700622B7A /* NSString+GJCrash.h */,
				06FEFABD25ABDEF700622B7A /* NSMutableDictionary+GJCrash.h */,
				06FEFABE25ABDEF700622B7A /* NSObject+KVOCrash.h */,
				06FEFABF25ABDEF700622B7A /* GJCrashLog.m */,
				06FEFAC025ABDEF700622B7A /* NSObject+NSNotificationCrash.m */,
				06FEFAC125ABDEF700622B7A /* NSObject+GJSwizzle.h */,
				06FEFAC225ABDEF700622B7A /* NSMutableString+GJCrash.m */,
				06FEFAC325ABDEF700622B7A /* NSArray+GJCrash.h */,
				06FEFAC425ABDEF700622B7A /* NSAttributedString+GJCrash.h */,
				06FEFAC525ABDEF700622B7A /* NSDictionary+GJCrash.m */,
				06FEFAC625ABDEF700622B7A /* NSMutableArray+GJCrash.m */,
			);
			path = GJNoCrash;
			sourceTree = "<group>";
		};
		06FEFC8125ABFAF500622B7A /* LYEmptyView */ = {
			isa = PBXGroup;
			children = (
				06FEFC8225ABFAF500622B7A /* DemoEmptyView.h */,
				06FEFC8325ABFAF500622B7A /* LYEmptyBaseView.m */,
				06FEFC8425ABFAF500622B7A /* LYEmptyView.h */,
				06FEFC8525ABFAF500622B7A /* UIView+Empty.m */,
				06FEFC8625ABFAF500622B7A /* UIView+LYExtension.m */,
				06FEFC8725ABFAF500622B7A /* LYEmptyBaseView.h */,
				06FEFC8825ABFAF500622B7A /* DemoEmptyView.m */,
				06FEFC8925ABFAF500622B7A /* LYEmptyViewHeader.h */,
				06FEFC8A25ABFAF500622B7A /* LYEmptyView.m */,
				06FEFC8B25ABFAF500622B7A /* UIView+LYExtension.h */,
				06FEFC8C25ABFAF500622B7A /* UIView+Empty.h */,
			);
			path = LYEmptyView;
			sourceTree = "<group>";
		};
		06FEFDBD25AC09C500622B7A /* CountDown */ = {
			isa = PBXGroup;
			children = (
				06FEFDBE25AC09C500622B7A /* CountDown.h */,
				06FEFDBF25AC09C500622B7A /* CountDown.m */,
			);
			path = CountDown;
			sourceTree = "<group>";
		};
		06FEFDF825AC0C7500622B7A /* IQKeyboardManager */ = {
			isa = PBXGroup;
			children = (
				06FE000525AC3CF700622B7A /* IQKeyboardManager.h */,
				06FE000725AC3CF700622B7A /* IQKeyboardManager.m */,
				06FE000625AC3CF700622B7A /* IQKeyboardReturnKeyHandler.h */,
				06FE000825AC3CF700622B7A /* IQKeyboardReturnKeyHandler.m */,
				06FEFFDF25AC3C3200622B7A /* IQToolbar */,
				06FEFF6925AC325F00622B7A /* Categories */,
				06FEFEE225AC290400622B7A /* IQTextView */,
				06FEFEAB25AC273200622B7A /* Constants */,
			);
			path = IQKeyboardManager;
			sourceTree = "<group>";
		};
		06FEFEAB25AC273200622B7A /* Constants */ = {
			isa = PBXGroup;
			children = (
				06FEFEAC25AC273200622B7A /* IQKeyboardManagerConstantsInternal.h */,
				06FEFEAD25AC273200622B7A /* IQKeyboardManagerConstants.h */,
			);
			path = Constants;
			sourceTree = "<group>";
		};
		06FEFEE225AC290400622B7A /* IQTextView */ = {
			isa = PBXGroup;
			children = (
				06FEFEE325AC290400622B7A /* IQTextView.m */,
				06FEFEE425AC290400622B7A /* IQTextView.h */,
			);
			path = IQTextView;
			sourceTree = "<group>";
		};
		06FEFF6925AC325F00622B7A /* Categories */ = {
			isa = PBXGroup;
			children = (
				06FEFF6A25AC325F00622B7A /* IQNSArray+Sort.m */,
				06FEFF6B25AC325F00622B7A /* IQUIViewController+Additions.h */,
				06FEFF6C25AC325F00622B7A /* IQUITextFieldView+Additions.m */,
				06FEFF6D25AC325F00622B7A /* IQUIScrollView+Additions.m */,
				06FEFF6E25AC325F00622B7A /* IQUIView+Hierarchy.m */,
				06FEFF6F25AC325F00622B7A /* IQNSArray+Sort.h */,
				06FEFF7025AC325F00622B7A /* IQUIScrollView+Additions.h */,
				06FEFF7125AC325F00622B7A /* IQUITextFieldView+Additions.h */,
				06FEFF7225AC325F00622B7A /* IQUIViewController+Additions.m */,
				06FEFF7325AC325F00622B7A /* IQUIView+Hierarchy.h */,
			);
			path = Categories;
			sourceTree = "<group>";
		};
		06FEFFDF25AC3C3200622B7A /* IQToolbar */ = {
			isa = PBXGroup;
			children = (
				06FEFFE025AC3C3200622B7A /* IQUIView+IQKeyboardToolbar.h */,
				06FEFFE125AC3C3200622B7A /* IQToolbar.m */,
				06FEFFE225AC3C3200622B7A /* IQPreviousNextView.h */,
				06FEFFE325AC3C3200622B7A /* IQTitleBarButtonItem.m */,
				06FEFFE425AC3C3200622B7A /* IQBarButtonItem.m */,
				06FEFFE525AC3C3200622B7A /* IQUIView+IQKeyboardToolbar.m */,
				06FEFFE625AC3C3200622B7A /* IQPreviousNextView.m */,
				06FEFFE725AC3C3200622B7A /* IQToolbar.h */,
				06FEFFE825AC3C3200622B7A /* IQBarButtonItem.h */,
				06FEFFE925AC3C3200622B7A /* IQTitleBarButtonItem.h */,
			);
			path = IQToolbar;
			sourceTree = "<group>";
		};
		33A58DBFAFFA463060ADCA25 /* Pods */ = {
			isa = PBXGroup;
			children = (
				F343288E4EA8F896679D4EC5 /* Pods-privateLibrary_Example.debug.xcconfig */,
				D99E2BCD97D543852A775A3B /* Pods-privateLibrary_Example.release.xcconfig */,
				F1ACBD4A24FF30AEF6FB88B0 /* Pods-privateLibrary_Tests.debug.xcconfig */,
				5CE4D6C5C093DA9F5424D034 /* Pods-privateLibrary_Tests.release.xcconfig */,
			);
			path = Pods;
			sourceTree = "<group>";
		};
		6003F581195388D10070C39A = {
			isa = PBXGroup;
			children = (
				60FF7A9C1954A5C5007DD14C /* Podspec Metadata */,
				6003F593195388D20070C39A /* Example for privateLibrary */,
				6003F5B5195388D20070C39A /* Tests */,
				6003F58C195388D20070C39A /* Frameworks */,
				6003F58B195388D20070C39A /* Products */,
				33A58DBFAFFA463060ADCA25 /* Pods */,
			);
			sourceTree = "<group>";
		};
		6003F58B195388D20070C39A /* Products */ = {
			isa = PBXGroup;
			children = (
				6003F58A195388D20070C39A /* privateLibrary_Example.app */,
				6003F5AE195388D20070C39A /* privateLibrary_Tests.xctest */,
			);
			name = Products;
			sourceTree = "<group>";
		};
		6003F58C195388D20070C39A /* Frameworks */ = {
			isa = PBXGroup;
			children = (
				6003F58D195388D20070C39A /* Foundation.framework */,
				6003F58F195388D20070C39A /* CoreGraphics.framework */,
				6003F591195388D20070C39A /* UIKit.framework */,
				6003F5AF195388D20070C39A /* XCTest.framework */,
				D16668C3398901D4637CEC7E /* Pods_privateLibrary_Example.framework */,
				F9C7E89F89F17E3095E27884 /* Pods_privateLibrary_Tests.framework */,
			);
			name = Frameworks;
			sourceTree = "<group>";
		};
		6003F593195388D20070C39A /* Example for privateLibrary */ = {
			isa = PBXGroup;
			children = (
				06FEF88425A80B6000622B7A /* Assets */,
				06FEF88125A80B6000622B7A /* Classes */,
				6003F59C195388D20070C39A /* HJAppDelegate.h */,
				6003F59D195388D20070C39A /* HJAppDelegate.m */,
				873B8AEA1B1F5CCA007FD442 /* Main.storyboard */,
				6003F5A5195388D20070C39A /* HJViewController.h */,
				6003F5A6195388D20070C39A /* HJViewController.m */,
				71719F9D1E33DC2100824A3D /* LaunchScreen.storyboard */,
				6003F5A8195388D20070C39A /* Images.xcassets */,
				6003F594195388D20070C39A /* Supporting Files */,
			);
			name = "Example for privateLibrary";
			path = privateLibrary;
			sourceTree = "<group>";
		};
		6003F594195388D20070C39A /* Supporting Files */ = {
			isa = PBXGroup;
			children = (
				6003F595195388D20070C39A /* privateLibrary-Info.plist */,
				6003F596195388D20070C39A /* InfoPlist.strings */,
				6003F599195388D20070C39A /* main.m */,
				6003F59B195388D20070C39A /* privateLibrary-Prefix.pch */,
			);
			name = "Supporting Files";
			sourceTree = "<group>";
		};
		6003F5B5195388D20070C39A /* Tests */ = {
			isa = PBXGroup;
			children = (
				6003F5BB195388D20070C39A /* Tests.m */,
				6003F5B6195388D20070C39A /* Supporting Files */,
			);
			path = Tests;
			sourceTree = "<group>";
		};
		6003F5B6195388D20070C39A /* Supporting Files */ = {
			isa = PBXGroup;
			children = (
				6003F5B7195388D20070C39A /* Tests-Info.plist */,
				6003F5B8195388D20070C39A /* InfoPlist.strings */,
				606FC2411953D9B200FFA9A0 /* Tests-Prefix.pch */,
			);
			name = "Supporting Files";
			sourceTree = "<group>";
		};
		60FF7A9C1954A5C5007DD14C /* Podspec Metadata */ = {
			isa = PBXGroup;
			children = (
				954D2C990D20D1102505C8B5 /* privateLibrary.podspec */,
				526545A8E3128CB38A867B07 /* README.md */,
				AC7577FCE98C2BC2F2886596 /* LICENSE */,
			);
			name = "Podspec Metadata";
			sourceTree = "<group>";
		};
/* End PBXGroup section */

/* Begin PBXNativeTarget section */
		6003F589195388D20070C39A /* privateLibrary_Example */ = {
			isa = PBXNativeTarget;
			buildConfigurationList = 6003F5BF195388D20070C39A /* Build configuration list for PBXNativeTarget "privateLibrary_Example" */;
			buildPhases = (
				B99E883B451634D95F31BAA7 /* [CP] Check Pods Manifest.lock */,
				6003F586195388D20070C39A /* Sources */,
				6003F587195388D20070C39A /* Frameworks */,
				6003F588195388D20070C39A /* Resources */,
				3C64CF8ED991F1A2474991F9 /* [CP] Embed Pods Frameworks */,
			);
			buildRules = (
			);
			dependencies = (
			);
			name = privateLibrary_Example;
			productName = privateLibrary;
			productReference = 6003F58A195388D20070C39A /* privateLibrary_Example.app */;
			productType = "com.apple.product-type.application";
		};
		6003F5AD195388D20070C39A /* privateLibrary_Tests */ = {
			isa = PBXNativeTarget;
			buildConfigurationList = 6003F5C2195388D20070C39A /* Build configuration list for PBXNativeTarget "privateLibrary_Tests" */;
			buildPhases = (
				B347025DA5DBEBB33A3766A4 /* [CP] Check Pods Manifest.lock */,
				6003F5AA195388D20070C39A /* Sources */,
				6003F5AB195388D20070C39A /* Frameworks */,
				6003F5AC195388D20070C39A /* Resources */,
				B1C2DB6586461CDB2DC388AA /* [CP] Embed Pods Frameworks */,
			);
			buildRules = (
			);
			dependencies = (
				6003F5B4195388D20070C39A /* PBXTargetDependency */,
			);
			name = privateLibrary_Tests;
			productName = privateLibraryTests;
			productReference = 6003F5AE195388D20070C39A /* privateLibrary_Tests.xctest */;
			productType = "com.apple.product-type.bundle.unit-test";
		};
/* End PBXNativeTarget section */

/* Begin PBXProject section */
		6003F582195388D10070C39A /* Project object */ = {
			isa = PBXProject;
			attributes = {
				CLASSPREFIX = HJ;
				LastUpgradeCheck = 0720;
				ORGANIZATIONNAME = hujie;
				TargetAttributes = {
					6003F5AD195388D20070C39A = {
						TestTargetID = 6003F589195388D20070C39A;
					};
				};
			};
			buildConfigurationList = 6003F585195388D10070C39A /* Build configuration list for PBXProject "privateLibrary" */;
			compatibilityVersion = "Xcode 3.2";
			developmentRegion = English;
			hasScannedForEncodings = 0;
			knownRegions = (
				English,
				en,
				Base,
			);
			mainGroup = 6003F581195388D10070C39A;
			productRefGroup = 6003F58B195388D20070C39A /* Products */;
			projectDirPath = "";
			projectRoot = "";
			targets = (
				6003F589195388D20070C39A /* privateLibrary_Example */,
				6003F5AD195388D20070C39A /* privateLibrary_Tests */,
			);
		};
/* End PBXProject section */

/* Begin PBXResourcesBuildPhase section */
		6003F588195388D20070C39A /* Resources */ = {
			isa = PBXResourcesBuildPhase;
			buildActionMask = 2147483647;
			files = (
				873B8AEB1B1F5CCA007FD442 /* Main.storyboard in Resources */,
				06FE01CE25AC557400622B7A /* TZImagePickerController.bundle in Resources */,
				06FEF90525A8353200622B7A /* stepperview_minus.png in Resources */,
				71719F9F1E33DC2100824A3D /* LaunchScreen.storyboard in Resources */,
				06FE00F425AC489000622B7A /* WMZDropMenu.bundle in Resources */,
				06FEF90625A8353200622B7A /* stepperview_plus.png in Resources */,
				6003F5A9195388D20070C39A /* Images.xcassets in Resources */,
				6003F598195388D20070C39A /* InfoPlist.strings in Resources */,
			);
			runOnlyForDeploymentPostprocessing = 0;
		};
		6003F5AC195388D20070C39A /* Resources */ = {
			isa = PBXResourcesBuildPhase;
			buildActionMask = 2147483647;
			files = (
				6003F5BA195388D20070C39A /* InfoPlist.strings in Resources */,
			);
			runOnlyForDeploymentPostprocessing = 0;
		};
/* End PBXResourcesBuildPhase section */

/* Begin PBXShellScriptBuildPhase section */
		3C64CF8ED991F1A2474991F9 /* [CP] Embed Pods Frameworks */ = {
			isa = PBXShellScriptBuildPhase;
			buildActionMask = 2147483647;
			files = (
			);
			inputPaths = (
				"${PODS_ROOT}/Target Support Files/Pods-privateLibrary_Example/Pods-privateLibrary_Example-frameworks.sh",
				"${BUILT_PRODUCTS_DIR}/Masonry/Masonry.framework",
				"${BUILT_PRODUCTS_DIR}/hl/hl.framework",
				"${BUILT_PRODUCTS_DIR}/privateLibrary/privateLibrary.framework",
			);
			name = "[CP] Embed Pods Frameworks";
			outputPaths = (
				"${TARGET_BUILD_DIR}/${FRAMEWORKS_FOLDER_PATH}/Masonry.framework",
				"${TARGET_BUILD_DIR}/${FRAMEWORKS_FOLDER_PATH}/hl.framework",
				"${TARGET_BUILD_DIR}/${FRAMEWORKS_FOLDER_PATH}/privateLibrary.framework",
			);
			runOnlyForDeploymentPostprocessing = 0;
			shellPath = /bin/sh;
			shellScript = "\"${PODS_ROOT}/Target Support Files/Pods-privateLibrary_Example/Pods-privateLibrary_Example-frameworks.sh\"\n";
			showEnvVarsInLog = 0;
		};
		B1C2DB6586461CDB2DC388AA /* [CP] Embed Pods Frameworks */ = {
			isa = PBXShellScriptBuildPhase;
			buildActionMask = 2147483647;
			files = (
			);
			inputPaths = (
				"${PODS_ROOT}/Target Support Files/Pods-privateLibrary_Tests/Pods-privateLibrary_Tests-frameworks.sh",
				"${BUILT_PRODUCTS_DIR}/FBSnapshotTestCase/FBSnapshotTestCase.framework",
			);
			name = "[CP] Embed Pods Frameworks";
			outputPaths = (
				"${TARGET_BUILD_DIR}/${FRAMEWORKS_FOLDER_PATH}/FBSnapshotTestCase.framework",
			);
			runOnlyForDeploymentPostprocessing = 0;
			shellPath = /bin/sh;
			shellScript = "\"${PODS_ROOT}/Target Support Files/Pods-privateLibrary_Tests/Pods-privateLibrary_Tests-frameworks.sh\"\n";
			showEnvVarsInLog = 0;
		};
		B347025DA5DBEBB33A3766A4 /* [CP] Check Pods Manifest.lock */ = {
			isa = PBXShellScriptBuildPhase;
			buildActionMask = 2147483647;
			files = (
			);
			inputFileListPaths = (
			);
			inputPaths = (
				"${PODS_PODFILE_DIR_PATH}/Podfile.lock",
				"${PODS_ROOT}/Manifest.lock",
			);
			name = "[CP] Check Pods Manifest.lock";
			outputFileListPaths = (
			);
			outputPaths = (
				"$(DERIVED_FILE_DIR)/Pods-privateLibrary_Tests-checkManifestLockResult.txt",
			);
			runOnlyForDeploymentPostprocessing = 0;
			shellPath = /bin/sh;
			shellScript = "diff \"${PODS_PODFILE_DIR_PATH}/Podfile.lock\" \"${PODS_ROOT}/Manifest.lock\" > /dev/null\nif [ $? != 0 ] ; then\n    # print error to STDERR\n    echo \"error: The sandbox is not in sync with the Podfile.lock. Run 'pod install' or update your CocoaPods installation.\" >&2\n    exit 1\nfi\n# This output is used by Xcode 'outputs' to avoid re-running this script phase.\necho \"SUCCESS\" > \"${SCRIPT_OUTPUT_FILE_0}\"\n";
			showEnvVarsInLog = 0;
		};
		B99E883B451634D95F31BAA7 /* [CP] Check Pods Manifest.lock */ = {
			isa = PBXShellScriptBuildPhase;
			buildActionMask = 2147483647;
			files = (
			);
			inputFileListPaths = (
			);
			inputPaths = (
				"${PODS_PODFILE_DIR_PATH}/Podfile.lock",
				"${PODS_ROOT}/Manifest.lock",
			);
			name = "[CP] Check Pods Manifest.lock";
			outputFileListPaths = (
			);
			outputPaths = (
				"$(DERIVED_FILE_DIR)/Pods-privateLibrary_Example-checkManifestLockResult.txt",
			);
			runOnlyForDeploymentPostprocessing = 0;
			shellPath = /bin/sh;
			shellScript = "diff \"${PODS_PODFILE_DIR_PATH}/Podfile.lock\" \"${PODS_ROOT}/Manifest.lock\" > /dev/null\nif [ $? != 0 ] ; then\n    # print error to STDERR\n    echo \"error: The sandbox is not in sync with the Podfile.lock. Run 'pod install' or update your CocoaPods installation.\" >&2\n    exit 1\nfi\n# This output is used by Xcode 'outputs' to avoid re-running this script phase.\necho \"SUCCESS\" > \"${SCRIPT_OUTPUT_FILE_0}\"\n";
			showEnvVarsInLog = 0;
		};
/* End PBXShellScriptBuildPhase section */

/* Begin PBXSourcesBuildPhase section */
		6003F586195388D20070C39A /* Sources */ = {
			isa = PBXSourcesBuildPhase;
			buildActionMask = 2147483647;
			files = (
				06FE00FC25AC489000622B7A /* WMZDropDownMenu+FootHeaderView.m in Sources */,
				06FEFFEE25AC3C3200622B7A /* IQPreviousNextView.m in Sources */,
				06FEFAC925ABDEF700622B7A /* NSObject+KVOCrash.m in Sources */,
				6003F59E195388D20070C39A /* HJAppDelegate.m in Sources */,
				06FEFDC025AC09C500622B7A /* CountDown.m in Sources */,
				06FEFAC825ABDEF700622B7A /* NSString+GJCrash.m in Sources */,
				06FEFF7725AC325F00622B7A /* IQUIView+Hierarchy.m in Sources */,
				06FE00F325AC489000622B7A /* WMZDropDownMenu+MoreView.m in Sources */,
				06FE01CB25AC557400622B7A /* NSBundle+TZImagePicker.m in Sources */,
				06FE012B25AC496000622B7A /* FLAnimatedImage.m in Sources */,
				06FEFF7425AC325F00622B7A /* IQNSArray+Sort.m in Sources */,
				06FE01D425AC557400622B7A /* TZLocationManager.m in Sources */,
				06FE01D525AC557400622B7A /* TZGifPhotoPreviewController.m in Sources */,
				06FE000A25AC3CF700622B7A /* IQKeyboardReturnKeyHandler.m in Sources */,
				06FEFAD025ABDEF700622B7A /* NSMutableString+GJCrash.m in Sources */,
				06FE01D625AC557400622B7A /* TZImageRequestOperation.m in Sources */,
				06FE00FA25AC489000622B7A /* WMZDropDownMenu.m in Sources */,
				06FEFF7525AC325F00622B7A /* IQUITextFieldView+Additions.m in Sources */,
				06FE01C825AC557400622B7A /* TZAssetCell.m in Sources */,
				06FEFACC25ABDEF700622B7A /* NSObject+GJSwizzle.m in Sources */,
				06FEFC8E25ABFAF500622B7A /* UIView+Empty.m in Sources */,
				06FE01D125AC557400622B7A /* TZPhotoPickerController.m in Sources */,
				6003F5A7195388D20070C39A /* HJViewController.m in Sources */,
				06FE012E25AC496000622B7A /* XHLaunchAdButton.m in Sources */,
				06FE00FB25AC489000622B7A /* WMZDropMenuBase.m in Sources */,
				06FE00EE25AC489000622B7A /* WMZDropDownMenu+DealDelegate.m in Sources */,
				06FEFFEB25AC3C3200622B7A /* IQTitleBarButtonItem.m in Sources */,
				06FEFC9125ABFAF500622B7A /* LYEmptyView.m in Sources */,
				06FEFEE525AC290400622B7A /* IQTextView.m in Sources */,
				06FE012D25AC496000622B7A /* XHLaunchAdView.m in Sources */,
				06FE006C25AC438700622B7A /* DashLine.m in Sources */,
				06FE01CF25AC557400622B7A /* TZProgressView.m in Sources */,
				06FE000925AC3CF700622B7A /* IQKeyboardManager.m in Sources */,
				06FEFC8F25ABFAF500622B7A /* UIView+LYExtension.m in Sources */,
				06FEFC9025ABFAF500622B7A /* DemoEmptyView.m in Sources */,
				06FE013025AC496000622B7A /* XHLaunchAdConst.m in Sources */,
				06FEFC8D25ABFAF500622B7A /* LYEmptyBaseView.m in Sources */,
				06FE00F825AC489000622B7A /* Aspects.m in Sources */,
				06FE01D225AC557400622B7A /* TZPhotoPreviewCell.m in Sources */,
				06FEFF7825AC325F00622B7A /* IQUIViewController+Additions.m in Sources */,
				06FE00F525AC489000622B7A /* WMZDropMenuTool.m in Sources */,
				06FEFACD25ABDEF700622B7A /* NSMutableAttributedString+GJCrash.m in Sources */,
				06FEFFED25AC3C3200622B7A /* IQUIView+IQKeyboardToolbar.m in Sources */,
				06FEFF7625AC325F00622B7A /* IQUIScrollView+Additions.m in Sources */,
				06FEFAD125ABDEF700622B7A /* NSDictionary+GJCrash.m in Sources */,
				06FE00F125AC489000622B7A /* WMZDropMenuBtn.m in Sources */,
				06FE01C725AC557400622B7A /* TZImageCropManager.m in Sources */,
				06FE012F25AC496000622B7A /* XHLaunchImageView.m in Sources */,
				06FE00EF25AC489000622B7A /* WMZDropTableView.m in Sources */,
				06FEFACB25ABDEF700622B7A /* NSAttributedString+GJCrash.m in Sources */,
				06FE012A25AC496000622B7A /* UIViewController+Nav.m in Sources */,
				06FE01CD25AC557400622B7A /* TZPhotoPreviewController.m in Sources */,
				06FE013325AC496000622B7A /* XHLaunchAdDownloader.m in Sources */,
				06FE00F925AC489000622B7A /* WMZDropDownMenu+DealLogic.m in Sources */,
				06FE013525AC496000622B7A /* XHLaunchAdConfiguration.m in Sources */,
				06FE005125AC419300622B7A /* TTGTagCollectionView.m in Sources */,
				06FEFACA25ABDEF700622B7A /* NSArray+GJCrash.m in Sources */,
				06FEFAC725ABDEF700622B7A /* NSMutableDictionary+GJCrash.m in Sources */,
				06FE01C925AC557400622B7A /* TZVideoPlayerController.m in Sources */,
				06FE009325AC44BD00622B7A /* SXHeadLine.m in Sources */,
				06FE01CA25AC557400622B7A /* TZAssetModel.m in Sources */,
				06FE013725AC496000622B7A /* XHLaunchAdImageManager.m in Sources */,
				06FE013125AC496000622B7A /* XHLaunchAd.m in Sources */,
				06FE01D025AC557400622B7A /* TZImageManager.m in Sources */,
				06FE01D325AC557400622B7A /* TZImagePickerController.m in Sources */,
				06FE00F725AC489000622B7A /* WMZDropMenuParam.m in Sources */,
				06FEFFEA25AC3C3200622B7A /* IQToolbar.m in Sources */,
				06FE00F025AC489000622B7A /* WMZDropIndexPath.m in Sources */,
				06FEFACF25ABDEF700622B7A /* NSObject+NSNotificationCrash.m in Sources */,
				06FEFFEC25AC3C3200622B7A /* IQBarButtonItem.m in Sources */,
				06FE005225AC419300622B7A /* TTGTextTagCollectionView.m in Sources */,
				06FE00F225AC489000622B7A /* WMZDropDownMenu+NormalView.m in Sources */,
				6003F59A195388D20070C39A /* main.m in Sources */,
				06FE013625AC496000622B7A /* XHLaunchAdCache.m in Sources */,
				06FEFACE25ABDEF700622B7A /* GJCrashLog.m in Sources */,
				06FE012C25AC496000622B7A /* FLAnimatedImageView.m in Sources */,
				06FE013225AC496000622B7A /* XHLaunchAdController.m in Sources */,
				06FE01CC25AC557400622B7A /* UIView+Layout.m in Sources */,
				06FE00F625AC489000622B7A /* WMZDropCollectionView.m in Sources */,
				06FEFAD225ABDEF700622B7A /* NSMutableArray+GJCrash.m in Sources */,
				06FE013425AC496000622B7A /* XHLaunchAdImageView+XHLaunchAdCache.m in Sources */,
			);
			runOnlyForDeploymentPostprocessing = 0;
		};
		6003F5AA195388D20070C39A /* Sources */ = {
			isa = PBXSourcesBuildPhase;
			buildActionMask = 2147483647;
			files = (
				6003F5BC195388D20070C39A /* Tests.m in Sources */,
			);
			runOnlyForDeploymentPostprocessing = 0;
		};
/* End PBXSourcesBuildPhase section */

/* Begin PBXTargetDependency section */
		6003F5B4195388D20070C39A /* PBXTargetDependency */ = {
			isa = PBXTargetDependency;
			target = 6003F589195388D20070C39A /* privateLibrary_Example */;
			targetProxy = 6003F5B3195388D20070C39A /* PBXContainerItemProxy */;
		};
/* End PBXTargetDependency section */

/* Begin PBXVariantGroup section */
		6003F596195388D20070C39A /* InfoPlist.strings */ = {
			isa = PBXVariantGroup;
			children = (
				6003F597195388D20070C39A /* en */,
			);
			name = InfoPlist.strings;
			sourceTree = "<group>";
		};
		6003F5B8195388D20070C39A /* InfoPlist.strings */ = {
			isa = PBXVariantGroup;
			children = (
				6003F5B9195388D20070C39A /* en */,
			);
			name = InfoPlist.strings;
			sourceTree = "<group>";
		};
		71719F9D1E33DC2100824A3D /* LaunchScreen.storyboard */ = {
			isa = PBXVariantGroup;
			children = (
				71719F9E1E33DC2100824A3D /* Base */,
			);
			name = LaunchScreen.storyboard;
			sourceTree = "<group>";
		};
/* End PBXVariantGroup section */

/* Begin XCBuildConfiguration section */
		6003F5BD195388D20070C39A /* Debug */ = {
			isa = XCBuildConfiguration;
			buildSettings = {
				ALWAYS_SEARCH_USER_PATHS = NO;
				CLANG_CXX_LANGUAGE_STANDARD = "gnu++0x";
				CLANG_CXX_LIBRARY = "libc++";
				CLANG_ENABLE_MODULES = YES;
				CLANG_ENABLE_OBJC_ARC = YES;
				CLANG_WARN_BOOL_CONVERSION = YES;
				CLANG_WARN_CONSTANT_CONVERSION = YES;
				CLANG_WARN_DIRECT_OBJC_ISA_USAGE = YES_ERROR;
				CLANG_WARN_EMPTY_BODY = YES;
				CLANG_WARN_ENUM_CONVERSION = YES;
				CLANG_WARN_INT_CONVERSION = YES;
				CLANG_WARN_OBJC_ROOT_CLASS = YES_ERROR;
				CLANG_WARN__DUPLICATE_METHOD_MATCH = YES;
				"CODE_SIGN_IDENTITY[sdk=iphoneos*]" = "iPhone Developer";
				COPY_PHASE_STRIP = NO;
				ENABLE_TESTABILITY = YES;
				GCC_C_LANGUAGE_STANDARD = gnu99;
				GCC_DYNAMIC_NO_PIC = NO;
				GCC_OPTIMIZATION_LEVEL = 0;
				GCC_PREPROCESSOR_DEFINITIONS = (
					"DEBUG=1",
					"$(inherited)",
				);
				GCC_SYMBOLS_PRIVATE_EXTERN = NO;
				GCC_WARN_64_TO_32_BIT_CONVERSION = YES;
				GCC_WARN_ABOUT_RETURN_TYPE = YES_ERROR;
				GCC_WARN_UNDECLARED_SELECTOR = YES;
				GCC_WARN_UNINITIALIZED_AUTOS = YES_AGGRESSIVE;
				GCC_WARN_UNUSED_FUNCTION = YES;
				GCC_WARN_UNUSED_VARIABLE = YES;
				IPHONEOS_DEPLOYMENT_TARGET = 9.3;
				ONLY_ACTIVE_ARCH = YES;
				SDKROOT = iphoneos;
				TARGETED_DEVICE_FAMILY = "1,2";
			};
			name = Debug;
		};
		6003F5BE195388D20070C39A /* Release */ = {
			isa = XCBuildConfiguration;
			buildSettings = {
				ALWAYS_SEARCH_USER_PATHS = NO;
				CLANG_CXX_LANGUAGE_STANDARD = "gnu++0x";
				CLANG_CXX_LIBRARY = "libc++";
				CLANG_ENABLE_MODULES = YES;
				CLANG_ENABLE_OBJC_ARC = YES;
				CLANG_WARN_BOOL_CONVERSION = YES;
				CLANG_WARN_CONSTANT_CONVERSION = YES;
				CLANG_WARN_DIRECT_OBJC_ISA_USAGE = YES_ERROR;
				CLANG_WARN_EMPTY_BODY = YES;
				CLANG_WARN_ENUM_CONVERSION = YES;
				CLANG_WARN_INT_CONVERSION = YES;
				CLANG_WARN_OBJC_ROOT_CLASS = YES_ERROR;
				CLANG_WARN__DUPLICATE_METHOD_MATCH = YES;
				"CODE_SIGN_IDENTITY[sdk=iphoneos*]" = "iPhone Developer";
				COPY_PHASE_STRIP = YES;
				ENABLE_NS_ASSERTIONS = NO;
				GCC_C_LANGUAGE_STANDARD = gnu99;
				GCC_WARN_64_TO_32_BIT_CONVERSION = YES;
				GCC_WARN_ABOUT_RETURN_TYPE = YES_ERROR;
				GCC_WARN_UNDECLARED_SELECTOR = YES;
				GCC_WARN_UNINITIALIZED_AUTOS = YES_AGGRESSIVE;
				GCC_WARN_UNUSED_FUNCTION = YES;
				GCC_WARN_UNUSED_VARIABLE = YES;
				IPHONEOS_DEPLOYMENT_TARGET = 9.3;
				SDKROOT = iphoneos;
				TARGETED_DEVICE_FAMILY = "1,2";
				VALIDATE_PRODUCT = YES;
			};
			name = Release;
		};
		6003F5C0195388D20070C39A /* Debug */ = {
			isa = XCBuildConfiguration;
			baseConfigurationReference = F343288E4EA8F896679D4EC5 /* Pods-privateLibrary_Example.debug.xcconfig */;
			buildSettings = {
				ASSETCATALOG_COMPILER_APPICON_NAME = AppIcon;
				GCC_PRECOMPILE_PREFIX_HEADER = YES;
				GCC_PREFIX_HEADER = "privateLibrary/privateLibrary-Prefix.pch";
				INFOPLIST_FILE = "privateLibrary/privateLibrary-Info.plist";
				MODULE_NAME = ExampleApp;
				PRODUCT_BUNDLE_IDENTIFIER = "org.cocoapods.demo.${PRODUCT_NAME:rfc1034identifier}";
				PRODUCT_NAME = "$(TARGET_NAME)";
				SWIFT_VERSION = 4.0;
				WRAPPER_EXTENSION = app;
			};
			name = Debug;
		};
		6003F5C1195388D20070C39A /* Release */ = {
			isa = XCBuildConfiguration;
			baseConfigurationReference = D99E2BCD97D543852A775A3B /* Pods-privateLibrary_Example.release.xcconfig */;
			buildSettings = {
				ASSETCATALOG_COMPILER_APPICON_NAME = AppIcon;
				GCC_PRECOMPILE_PREFIX_HEADER = YES;
				GCC_PREFIX_HEADER = "privateLibrary/privateLibrary-Prefix.pch";
				INFOPLIST_FILE = "privateLibrary/privateLibrary-Info.plist";
				MODULE_NAME = ExampleApp;
				PRODUCT_BUNDLE_IDENTIFIER = "org.cocoapods.demo.${PRODUCT_NAME:rfc1034identifier}";
				PRODUCT_NAME = "$(TARGET_NAME)";
				SWIFT_VERSION = 4.0;
				WRAPPER_EXTENSION = app;
			};
			name = Release;
		};
		6003F5C3195388D20070C39A /* Debug */ = {
			isa = XCBuildConfiguration;
			baseConfigurationReference = F1ACBD4A24FF30AEF6FB88B0 /* Pods-privateLibrary_Tests.debug.xcconfig */;
			buildSettings = {
				BUNDLE_LOADER = "$(TEST_HOST)";
				FRAMEWORK_SEARCH_PATHS = (
					"$(PLATFORM_DIR)/Developer/Library/Frameworks",
					"$(inherited)",
					"$(DEVELOPER_FRAMEWORKS_DIR)",
				);
				GCC_PRECOMPILE_PREFIX_HEADER = YES;
				GCC_PREFIX_HEADER = "Tests/Tests-Prefix.pch";
				GCC_PREPROCESSOR_DEFINITIONS = (
					"DEBUG=1",
					"$(inherited)",
				);
				INFOPLIST_FILE = "Tests/Tests-Info.plist";
				PRODUCT_BUNDLE_IDENTIFIER = "org.cocoapods.demo.${PRODUCT_NAME:rfc1034identifier}";
				PRODUCT_NAME = "$(TARGET_NAME)";
				SWIFT_VERSION = 4.0;
				TEST_HOST = "$(BUILT_PRODUCTS_DIR)/privateLibrary_Example.app/privateLibrary_Example";
				WRAPPER_EXTENSION = xctest;
			};
			name = Debug;
		};
		6003F5C4195388D20070C39A /* Release */ = {
			isa = XCBuildConfiguration;
			baseConfigurationReference = 5CE4D6C5C093DA9F5424D034 /* Pods-privateLibrary_Tests.release.xcconfig */;
			buildSettings = {
				BUNDLE_LOADER = "$(TEST_HOST)";
				FRAMEWORK_SEARCH_PATHS = (
					"$(PLATFORM_DIR)/Developer/Library/Frameworks",
					"$(inherited)",
					"$(DEVELOPER_FRAMEWORKS_DIR)",
				);
				GCC_PRECOMPILE_PREFIX_HEADER = YES;
				GCC_PREFIX_HEADER = "Tests/Tests-Prefix.pch";
				INFOPLIST_FILE = "Tests/Tests-Info.plist";
				PRODUCT_BUNDLE_IDENTIFIER = "org.cocoapods.demo.${PRODUCT_NAME:rfc1034identifier}";
				PRODUCT_NAME = "$(TARGET_NAME)";
				SWIFT_VERSION = 4.0;
				TEST_HOST = "$(BUILT_PRODUCTS_DIR)/privateLibrary_Example.app/privateLibrary_Example";
				WRAPPER_EXTENSION = xctest;
			};
			name = Release;
		};
/* End XCBuildConfiguration section */

/* Begin XCConfigurationList section */
		6003F585195388D10070C39A /* Build configuration list for PBXProject "privateLibrary" */ = {
			isa = XCConfigurationList;
			buildConfigurations = (
				6003F5BD195388D20070C39A /* Debug */,
				6003F5BE195388D20070C39A /* Release */,
			);
			defaultConfigurationIsVisible = 0;
			defaultConfigurationName = Release;
		};
		6003F5BF195388D20070C39A /* Build configuration list for PBXNativeTarget "privateLibrary_Example" */ = {
			isa = XCConfigurationList;
			buildConfigurations = (
				6003F5C0195388D20070C39A /* Debug */,
				6003F5C1195388D20070C39A /* Release */,
			);
			defaultConfigurationIsVisible = 0;
			defaultConfigurationName = Release;
		};
		6003F5C2195388D20070C39A /* Build configuration list for PBXNativeTarget "privateLibrary_Tests" */ = {
			isa = XCConfigurationList;
			buildConfigurations = (
				6003F5C3195388D20070C39A /* Debug */,
				6003F5C4195388D20070C39A /* Release */,
			);
			defaultConfigurationIsVisible = 0;
			defaultConfigurationName = Release;
		};
/* End XCConfigurationList section */
	};
	rootObject = 6003F582195388D10070C39A /* Project object */;
}
